<?xml version="1.0" encoding="utf-8"?>
<Project ToolsVersion="4.0" xmlns="http://schemas.microsoft.com/developer/msbuild/2003">
  <ItemGroup>
    <Filter Include="Source Files">
      <UniqueIdentifier>{4FC737F1-C7A5-4376-A066-2A32D752A2FF}</UniqueIdentifier>
      <Extensions>cpp;c;cc;cxx;c++;cppm;ixx;def;odl;idl;hpj;bat;asm;asmx</Extensions>
    </Filter>
    <Filter Include="Header Files">
      <UniqueIdentifier>{93995380-89BD-4b04-88EB-625FBE52EBFB}</UniqueIdentifier>
      <Extensions>h;hh;hpp;hxx;h++;hm;inl;inc;ipp;xsd</Extensions>
    </Filter>
    <Filter Include="Resource Files">
      <UniqueIdentifier>{67DA6AB6-F800-4c08-8B7A-83BB121AAD01}</UniqueIdentifier>
      <Extensions>rc;ico;cur;bmp;dlg;rc2;rct;bin;rgs;gif;jpg;jpeg;jpe;resx;tiff;tif;png;wav;mfcribbon-ms</Extensions>
    </Filter>
    <Filter Include="Report">
      <UniqueIdentifier>{a71f3ea3-bb12-4832-aab6-595df018b640}</UniqueIdentifier>
    </Filter>
    <Filter Include="Spot Trader">
      <UniqueIdentifier>{020f22ac-1f1e-46df-8f56-eb51c96132b8}</UniqueIdentifier>
    </Filter>
    <Filter Include="Future Trader">
      <UniqueIdentifier>{57e59420-69e8-4709-ba13-935fb44f65c0}</UniqueIdentifier>
    </Filter>
  </ItemGroup>
  <ItemGroup>
    <ClInclude Include="framework.h">
      <Filter>Header Files</Filter>
    </ClInclude>
    <ClInclude Include="pch.h">
      <Filter>Header Files</Filter>
    </ClInclude>
    <ClInclude Include="dlldefine.h">
      <Filter>Header Files</Filter>
    </ClInclude>
    <ClInclude Include="BinanceReporter.h">
      <Filter>Report</Filter>
    </ClInclude>
    <ClInclude Include="BinanceTrader.h">
      <Filter>Spot Trader</Filter>
    </ClInclude>
    <ClInclude Include="ReportAPIs.h">
      <Filter>Report</Filter>
    </ClInclude>
    <ClInclude Include="ExchangeReporter.h">
      <Filter>Report</Filter>
    </ClInclude>
    <ClInclude Include="BackTestReporter.h">
      <Filter>Report</Filter>
    </ClInclude>
    <ClInclude Include="Trader.h">
      <Filter>Source Files</Filter>
    </ClInclude>
    <ClInclude Include="FutureTrader.h">
      <Filter>Future Trader</Filter>
    </ClInclude>
    <ClInclude Include="FutureTradeReporter.h">
      <Filter>Report</Filter>
    </ClInclude>
  </ItemGroup>
  <ItemGroup>
    <ClCompile Include="dllmain.cpp">
      <Filter>Source Files</Filter>
    </ClCompile>
    <ClCompile Include="pch.cpp">
      <Filter>Source Files</Filter>
    </ClCompile>
    <ClCompile Include="BinanceTrader.cpp">
      <Filter>Spot Trader</Filter>
    </ClCompile>
    <ClCompile Include="BinanceReporter.cpp">
      <Filter>Report</Filter>
    </ClCompile>
    <ClCompile Include="ReportAPIs.cpp">
      <Filter>Report</Filter>
    </ClCompile>
    <ClCompile Include="BackTestReporter.cpp">
      <Filter>Report</Filter>
    </ClCompile>
    <ClCompile Include="Trader.cpp">
      <Filter>Source Files</Filter>
    </ClCompile>
    <ClCompile Include="FutureTrader.cpp">
      <Filter>Future Trader</Filter>
    </ClCompile>
  </ItemGroup>
</Project>