<?xml version="1.0" encoding="utf-8"?>
<Project ToolsVersion="4.0" xmlns="http://schemas.microsoft.com/developer/msbuild/2003">
  <ItemGroup>
    <Filter Include="Source Files">
      <UniqueIdentifier>{4FC737F1-C7A5-4376-A066-2A32D752A2FF}</UniqueIdentifier>
      <Extensions>cpp;c;cc;cxx;c++;cppm;ixx;def;odl;idl;hpj;bat;asm;asmx</Extensions>
    </Filter>
    <Filter Include="Header Files">
      <UniqueIdentifier>{93995380-89BD-4b04-88EB-625FBE52EBFB}</UniqueIdentifier>
      <Extensions>h;hh;hpp;hxx;h++;hm;inl;inc;ipp;xsd</Extensions>
    </Filter>
    <Filter Include="Resource Files">
      <UniqueIdentifier>{67DA6AB6-F800-4c08-8B7A-83BB121AAD01}</UniqueIdentifier>
      <Extensions>rc;ico;cur;bmp;dlg;rc2;rct;bin;rgs;gif;jpg;jpeg;jpe;resx;tiff;tif;png;wav;mfcribbon-ms</Extensions>
    </Filter>
    <Filter Include="Risk Metrics">
      <UniqueIdentifier>{e2430303-294f-4a20-a029-4a811924b050}</UniqueIdentifier>
    </Filter>
    <Filter Include="Risk Engine">
      <UniqueIdentifier>{22ac1ca8-fdb1-4765-bc1f-63b1b96939b9}</UniqueIdentifier>
    </Filter>
  </ItemGroup>
  <ItemGroup>
    <ClInclude Include="framework.h">
      <Filter>Header Files</Filter>
    </ClInclude>
    <ClInclude Include="pch.h">
      <Filter>Header Files</Filter>
    </ClInclude>
    <ClInclude Include="dlldefine.h">
      <Filter>Header Files</Filter>
    </ClInclude>
    <ClInclude Include="TradingGuard.h">
      <Filter>Header Files</Filter>
    </ClInclude>
    <ClInclude Include="VWAPOrderExecutionRiskMetrics.h">
      <Filter>Risk Metrics</Filter>
    </ClInclude>
    <ClInclude Include="RiskManager.h">
      <Filter>Risk Engine</Filter>
    </ClInclude>
    <ClInclude Include="FutureRiskEngine.h">
      <Filter>Risk Engine</Filter>
    </ClInclude>
    <ClInclude Include="RiskDefinitions.h">
      <Filter>Risk Engine</Filter>
    </ClInclude>
    <ClInclude Include="SpotRiskEngine.h">
      <Filter>Risk Engine</Filter>
    </ClInclude>
    <ClInclude Include="DerivativesRiskModel.h">
      <Filter>Risk Engine</Filter>
    </ClInclude>
  </ItemGroup>
  <ItemGroup>
    <ClCompile Include="dllmain.cpp">
      <Filter>Source Files</Filter>
    </ClCompile>
    <ClCompile Include="pch.cpp">
      <Filter>Source Files</Filter>
    </ClCompile>
    <ClCompile Include="TradingGuard.cpp">
      <Filter>Source Files</Filter>
    </ClCompile>
    <ClCompile Include="VWAPOrderExecutionRiskMetrics.cpp">
      <Filter>Risk Metrics</Filter>
    </ClCompile>
    <ClCompile Include="RiskManager.cpp">
      <Filter>Risk Engine</Filter>
    </ClCompile>
    <ClCompile Include="FutureRiskEngine.cpp">
      <Filter>Risk Engine</Filter>
    </ClCompile>
    <ClCompile Include="SpotRiskEngine.cpp">
      <Filter>Risk Engine</Filter>
    </ClCompile>
    <ClCompile Include="DerivativesRiskModel.cpp">
      <Filter>Risk Engine</Filter>
    </ClCompile>
  </ItemGroup>
</Project>