<?xml version="1.0" encoding="utf-8"?>
<Project ToolsVersion="4.0" xmlns="http://schemas.microsoft.com/developer/msbuild/2003">
  <ItemGroup>
    <Filter Include="Source Files">
      <UniqueIdentifier>{4FC737F1-C7A5-4376-A066-2A32D752A2FF}</UniqueIdentifier>
      <Extensions>cpp;c;cc;cxx;c++;cppm;ixx;def;odl;idl;hpj;bat;asm;asmx</Extensions>
    </Filter>
    <Filter Include="Header Files">
      <UniqueIdentifier>{93995380-89BD-4b04-88EB-625FBE52EBFB}</UniqueIdentifier>
      <Extensions>h;hh;hpp;hxx;h++;hm;inl;inc;ipp;xsd</Extensions>
    </Filter>
    <Filter Include="Resource Files">
      <UniqueIdentifier>{67DA6AB6-F800-4c08-8B7A-83BB121AAD01}</UniqueIdentifier>
      <Extensions>rc;ico;cur;bmp;dlg;rc2;rct;bin;rgs;gif;jpg;jpeg;jpe;resx;tiff;tif;png;wav;mfcribbon-ms</Extensions>
    </Filter>
    <Filter Include="Backtest Simulator">
      <UniqueIdentifier>{2400bd1c-1139-42ec-ba9d-7c48ad9a3f30}</UniqueIdentifier>
    </Filter>
    <Filter Include="Backtest Simulator\Protobuf">
      <UniqueIdentifier>{d1100ed8-231a-4a75-a991-e777c8b6ded6}</UniqueIdentifier>
    </Filter>
  </ItemGroup>
  <ItemGroup>
    <ClInclude Include="framework.h">
      <Filter>Header Files</Filter>
    </ClInclude>
    <ClInclude Include="pch.h">
      <Filter>Header Files</Filter>
    </ClInclude>
    <ClInclude Include="dlldefine.h">
      <Filter>Source Files</Filter>
    </ClInclude>
    <ClInclude Include="BinanceExchangeConnectivity.h">
      <Filter>Source Files</Filter>
    </ClInclude>
    <ClInclude Include="ExchangeSimulatorConnectivity.h">
      <Filter>Source Files</Filter>
    </ClInclude>
    <ClInclude Include="protobuf\pch.h">
      <Filter>Backtest Simulator\Protobuf</Filter>
    </ClInclude>
    <ClInclude Include="protobuf\user_account_data.grpc.pb.h">
      <Filter>Backtest Simulator\Protobuf</Filter>
    </ClInclude>
    <ClInclude Include="protobuf\user_account_data.pb.h">
      <Filter>Backtest Simulator\Protobuf</Filter>
    </ClInclude>
    <ClInclude Include="ExchangeSimulatorConnectivity.h">
      <Filter>Backtest Simulator</Filter>
    </ClInclude>
    <ClInclude Include="BinanceWalletClient.h">
      <Filter>Backtest Simulator</Filter>
    </ClInclude>
    <ClInclude Include="BqtMessageEnhancer.h">
      <Filter>Backtest Simulator</Filter>
    </ClInclude>
    <ClInclude Include="protobuf\exchange_info_data.grpc.pb.h">
      <Filter>Backtest Simulator\Protobuf</Filter>
    </ClInclude>
    <ClInclude Include="protobuf\exchange_info_data.pb.h">
      <Filter>Backtest Simulator\Protobuf</Filter>
    </ClInclude>
    <ClInclude Include="BinanceExchangeClient.h">
      <Filter>Backtest Simulator</Filter>
    </ClInclude>
  </ItemGroup>
  <ItemGroup>
    <ClCompile Include="dllmain.cpp">
      <Filter>Source Files</Filter>
    </ClCompile>
    <ClCompile Include="pch.cpp">
      <Filter>Source Files</Filter>
    </ClCompile>
    <ClCompile Include="BinanceExchangeConnectivity.cpp">
      <Filter>Source Files</Filter>
    </ClCompile>
    <ClCompile Include="ExchangeSimulatorConnectivity.cpp">
      <Filter>Source Files</Filter>
    </ClCompile>
    <ClCompile Include="protobuf\user_account_data.grpc.pb.cc">
      <Filter>Backtest Simulator\Protobuf</Filter>
    </ClCompile>
    <ClCompile Include="protobuf\user_account_data.pb.cc">
      <Filter>Backtest Simulator\Protobuf</Filter>
    </ClCompile>
    <ClCompile Include="ExchangeSimulatorConnectivity.cpp">
      <Filter>Backtest Simulator</Filter>
    </ClCompile>
    <ClCompile Include="BinanceWalletClient.cpp">
      <Filter>Backtest Simulator</Filter>
    </ClCompile>
    <ClCompile Include="BqtMessageEnhancer.cpp">
      <Filter>Backtest Simulator</Filter>
    </ClCompile>
    <ClCompile Include="protobuf\exchange_info_data.grpc.pb.cc">
      <Filter>Backtest Simulator\Protobuf</Filter>
    </ClCompile>
    <ClCompile Include="protobuf\exchange_info_data.pb.cc">
      <Filter>Backtest Simulator\Protobuf</Filter>
    </ClCompile>
    <ClCompile Include="BinanceExchangeClient.cpp">
      <Filter>Backtest Simulator</Filter>
    </ClCompile>
  </ItemGroup>
</Project>