<?xml version="1.0" encoding="utf-8"?>
<Project ToolsVersion="4.0" xmlns="http://schemas.microsoft.com/developer/msbuild/2003">
  <ItemGroup>
    <Filter Include="Source Files">
      <UniqueIdentifier>{4FC737F1-C7A5-4376-A066-2A32D752A2FF}</UniqueIdentifier>
      <Extensions>cpp;c;cc;cxx;c++;cppm;ixx;def;odl;idl;hpj;bat;asm;asmx</Extensions>
    </Filter>
    <Filter Include="Header Files">
      <UniqueIdentifier>{93995380-89BD-4b04-88EB-625FBE52EBFB}</UniqueIdentifier>
      <Extensions>h;hh;hpp;hxx;h++;hm;inl;inc;ipp;xsd</Extensions>
    </Filter>
    <Filter Include="Resource Files">
      <UniqueIdentifier>{67DA6AB6-F800-4c08-8B7A-83BB121AAD01}</UniqueIdentifier>
      <Extensions>rc;ico;cur;bmp;dlg;rc2;rct;bin;rgs;gif;jpg;jpeg;jpe;resx;tiff;tif;png;wav;mfcribbon-ms</Extensions>
    </Filter>
    <Filter Include="Binance Exchange Simulator">
      <UniqueIdentifier>{1b2d9261-28d1-4408-91e9-155e2226604d}</UniqueIdentifier>
    </Filter>
    <Filter Include="Binance Exchange Simulator\Book">
      <UniqueIdentifier>{773455ea-c6d4-44fe-a3aa-1bf65076b797}</UniqueIdentifier>
    </Filter>
    <Filter Include="Binance Exchange Simulator\Connectivity">
      <UniqueIdentifier>{39d58c5f-16a9-4c27-a83a-b46e19c300bf}</UniqueIdentifier>
    </Filter>
    <Filter Include="Binance Exchange Simulator\User Account Wallet">
      <UniqueIdentifier>{087093b0-8147-44d1-a090-7d97de5527e1}</UniqueIdentifier>
    </Filter>
    <Filter Include="Binance Exchange Simulator\Matching Engine">
      <UniqueIdentifier>{31e43ca4-7a6a-43d4-8717-13a69c287ef6}</UniqueIdentifier>
    </Filter>
    <Filter Include="Binance Exchange Simulator\Rule">
      <UniqueIdentifier>{f1b1b2ad-0820-4c6a-a1e9-e472e5279977}</UniqueIdentifier>
    </Filter>
    <Filter Include="Binance Exchange Simulator\Report">
      <UniqueIdentifier>{6540c68b-d09b-4840-b8a8-aed946b9b091}</UniqueIdentifier>
    </Filter>
    <Filter Include="Binance Exchange Simulator\Monitor">
      <UniqueIdentifier>{a1976277-3882-4313-a351-9e5e23882e9f}</UniqueIdentifier>
    </Filter>
    <Filter Include="Binance Exchange Simulator\Finance">
      <UniqueIdentifier>{99d85b07-5023-45d7-8e30-c0c7b2cdd67d}</UniqueIdentifier>
    </Filter>
    <Filter Include="Binance Exchange Simulator\Exchange Information">
      <UniqueIdentifier>{92527ebb-ccd2-4c3e-8dd3-302041f70556}</UniqueIdentifier>
    </Filter>
    <Filter Include="Binance Exchange Simulator\Participants">
      <UniqueIdentifier>{db44705d-4d7a-430b-963e-6afa9cb82fb3}</UniqueIdentifier>
    </Filter>
    <Filter Include="Binance Exchange Simulator\Protobuf">
      <UniqueIdentifier>{a96dfb6b-083e-4d00-bf8b-627144c27b8a}</UniqueIdentifier>
    </Filter>
    <Filter Include="Binance Exchange Simulator\User Trade Profile">
      <UniqueIdentifier>{7e1b27b7-ef84-45bc-a856-c783a9fad03a}</UniqueIdentifier>
    </Filter>
  </ItemGroup>
  <ItemGroup>
    <ClInclude Include="framework.h">
      <Filter>Header Files</Filter>
    </ClInclude>
    <ClInclude Include="pch.h">
      <Filter>Header Files</Filter>
    </ClInclude>
    <ClInclude Include="dlldefine.h">
      <Filter>Header Files</Filter>
    </ClInclude>
    <ClInclude Include="BinanceExchangeSimulator.h">
      <Filter>Binance Exchange Simulator</Filter>
    </ClInclude>
    <ClInclude Include="RTMarketSpotParticipant.h">
      <Filter>Binance Exchange Simulator\Participants</Filter>
    </ClInclude>
    <ClInclude Include="UpstreamOrderMatchedMgr.h">
      <Filter>Binance Exchange Simulator\Book</Filter>
    </ClInclude>
    <ClInclude Include="Participant.h">
      <Filter>Binance Exchange Simulator\Participants</Filter>
    </ClInclude>
    <ClInclude Include="AlgosConnectivity.h">
      <Filter>Binance Exchange Simulator\Connectivity</Filter>
    </ClInclude>
    <ClInclude Include="BqtJsonMessageServer.h">
      <Filter>Binance Exchange Simulator\Connectivity</Filter>
    </ClInclude>
    <ClInclude Include="MatchingEngine.h">
      <Filter>Binance Exchange Simulator\Matching Engine</Filter>
    </ClInclude>
    <ClInclude Include="DownstreamOrderAck.h">
      <Filter>Binance Exchange Simulator\Connectivity</Filter>
    </ClInclude>
    <ClInclude Include="OrderAckManager.h">
      <Filter>Binance Exchange Simulator\Connectivity</Filter>
    </ClInclude>
    <ClInclude Include="HistoricalParticipant.h">
      <Filter>Binance Exchange Simulator\Participants</Filter>
    </ClInclude>
    <ClInclude Include="SimulatorParticipant.h">
      <Filter>Binance Exchange Simulator\Participants</Filter>
    </ClInclude>
    <ClInclude Include="UpstreamOrder.h">
      <Filter>Binance Exchange Simulator\Connectivity</Filter>
    </ClInclude>
    <ClInclude Include="UserAccountManager.h">
      <Filter>Binance Exchange Simulator\User Account Wallet</Filter>
    </ClInclude>
    <ClInclude Include="UserAccountHttpService.h">
      <Filter>Binance Exchange Simulator\User Account Wallet</Filter>
    </ClInclude>
    <ClInclude Include="protobuf\user_account_data.grpc.pb.h">
      <Filter>Binance Exchange Simulator\Protobuf</Filter>
    </ClInclude>
    <ClInclude Include="protobuf\user_account_data.pb.h">
      <Filter>Binance Exchange Simulator\Protobuf</Filter>
    </ClInclude>
    <ClInclude Include="ExchangeServiceInterface.h">
      <Filter>Binance Exchange Simulator</Filter>
    </ClInclude>
    <ClInclude Include="UserAccount.h">
      <Filter>Binance Exchange Simulator\User Account Wallet</Filter>
    </ClInclude>
    <ClInclude Include="DownstreamOrderBook.h">
      <Filter>Binance Exchange Simulator\Book</Filter>
    </ClInclude>
    <ClInclude Include="UpstreamOrderQueueMgr.h">
      <Filter>Binance Exchange Simulator\Book</Filter>
    </ClInclude>
    <ClInclude Include="CommonDef.h">
      <Filter>Header Files</Filter>
    </ClInclude>
    <ClInclude Include="ExchangeRuleAndCompliance.h">
      <Filter>Binance Exchange Simulator\Rule</Filter>
    </ClInclude>
    <ClInclude Include="UpstreamOrderQueue.h">
      <Filter>Binance Exchange Simulator\Book</Filter>
    </ClInclude>
    <ClInclude Include="TimeInForceHandler.h">
      <Filter>Binance Exchange Simulator\Participants</Filter>
    </ClInclude>
    <ClInclude Include="TradeUtils.h">
      <Filter>Binance Exchange Simulator\Finance</Filter>
    </ClInclude>
    <ClInclude Include="protobuf\exchange_info_data.grpc.pb.h">
      <Filter>Binance Exchange Simulator\Protobuf</Filter>
    </ClInclude>
    <ClInclude Include="protobuf\exchange_info_data.pb.h">
      <Filter>Binance Exchange Simulator\Protobuf</Filter>
    </ClInclude>
    <ClInclude Include="ExchangeInfoHttpService.h">
      <Filter>Binance Exchange Simulator\Exchange Information</Filter>
    </ClInclude>
    <ClInclude Include="ExchangeInfoManager.h">
      <Filter>Binance Exchange Simulator\Exchange Information</Filter>
    </ClInclude>
    <ClInclude Include="BinanceRestAPIServer.h">
      <Filter>Binance Exchange Simulator</Filter>
    </ClInclude>
    <ClInclude Include="RTMarketFutureParticipant.h">
      <Filter>Binance Exchange Simulator\Participants</Filter>
    </ClInclude>
    <ClInclude Include="FutureTradeManager.h">
      <Filter>Binance Exchange Simulator\Participants</Filter>
    </ClInclude>
    <ClInclude Include="UserTradeProfile.h">
      <Filter>Binance Exchange Simulator\User Trade Profile</Filter>
    </ClInclude>
  </ItemGroup>
  <ItemGroup>
    <ClCompile Include="dllmain.cpp">
      <Filter>Source Files</Filter>
    </ClCompile>
    <ClCompile Include="pch.cpp">
      <Filter>Source Files</Filter>
    </ClCompile>
    <ClCompile Include="BinanceExchangeSimulator.cpp">
      <Filter>Binance Exchange Simulator</Filter>
    </ClCompile>
    <ClCompile Include="RTMarketSpotParticipant.cpp">
      <Filter>Binance Exchange Simulator\Participants</Filter>
    </ClCompile>
    <ClCompile Include="AlgosConnectivity.cpp">
      <Filter>Binance Exchange Simulator\Connectivity</Filter>
    </ClCompile>
    <ClCompile Include="BqtJsonMessageServer.cpp">
      <Filter>Binance Exchange Simulator\Connectivity</Filter>
    </ClCompile>
    <ClCompile Include="MatchingEngine.cpp">
      <Filter>Binance Exchange Simulator\Matching Engine</Filter>
    </ClCompile>
    <ClCompile Include="DownstreamOrderAck.cpp">
      <Filter>Binance Exchange Simulator\Connectivity</Filter>
    </ClCompile>
    <ClCompile Include="OrderAckManager.cpp">
      <Filter>Binance Exchange Simulator\Connectivity</Filter>
    </ClCompile>
    <ClCompile Include="HistoricalParticipant.cpp">
      <Filter>Binance Exchange Simulator\Participants</Filter>
    </ClCompile>
    <ClCompile Include="SimulatorParticipant.cpp">
      <Filter>Binance Exchange Simulator\Participants</Filter>
    </ClCompile>
    <ClCompile Include="Participant.cpp">
      <Filter>Binance Exchange Simulator\Participants</Filter>
    </ClCompile>
    <ClCompile Include="UserAccountManager.cpp">
      <Filter>Binance Exchange Simulator\User Account Wallet</Filter>
    </ClCompile>
    <ClCompile Include="UserAccountHttpService.cpp">
      <Filter>Binance Exchange Simulator\User Account Wallet</Filter>
    </ClCompile>
    <ClCompile Include="protobuf\user_account_data.grpc.pb.cc">
      <Filter>Binance Exchange Simulator\Protobuf</Filter>
    </ClCompile>
    <ClCompile Include="protobuf\user_account_data.pb.cc">
      <Filter>Binance Exchange Simulator\Protobuf</Filter>
    </ClCompile>
    <ClCompile Include="UserAccount.cpp">
      <Filter>Binance Exchange Simulator\User Account Wallet</Filter>
    </ClCompile>
    <ClCompile Include="DownstreamOrderBook.cpp">
      <Filter>Binance Exchange Simulator\Book</Filter>
    </ClCompile>
    <ClCompile Include="UpstreamOrderQueueMgr.cpp">
      <Filter>Binance Exchange Simulator\Book</Filter>
    </ClCompile>
    <ClCompile Include="UpstreamOrderMatchedMgr.cpp">
      <Filter>Binance Exchange Simulator\Book</Filter>
    </ClCompile>
    <ClCompile Include="UpstreamOrder.cpp">
      <Filter>Binance Exchange Simulator\Connectivity</Filter>
    </ClCompile>
    <ClCompile Include="ExchangeRuleAndCompliance.cpp">
      <Filter>Binance Exchange Simulator\Rule</Filter>
    </ClCompile>
    <ClCompile Include="TimeInForceHandler.cpp">
      <Filter>Binance Exchange Simulator\Participants</Filter>
    </ClCompile>
    <ClCompile Include="protobuf\exchange_info_data.grpc.pb.cc">
      <Filter>Binance Exchange Simulator\Protobuf</Filter>
    </ClCompile>
    <ClCompile Include="protobuf\exchange_info_data.pb.cc">
      <Filter>Binance Exchange Simulator\Protobuf</Filter>
    </ClCompile>
    <ClCompile Include="ExchangeInfoHttpService.cpp">
      <Filter>Binance Exchange Simulator\Exchange Information</Filter>
    </ClCompile>
    <ClCompile Include="ExchangeInfoManager.cpp">
      <Filter>Binance Exchange Simulator\Exchange Information</Filter>
    </ClCompile>
    <ClCompile Include="BinanceRestAPIServer.cpp">
      <Filter>Binance Exchange Simulator</Filter>
    </ClCompile>
    <ClCompile Include="RTMarketFutureParticipant.cpp">
      <Filter>Binance Exchange Simulator\Participants</Filter>
    </ClCompile>
    <ClCompile Include="FutureTradeManager.cpp">
      <Filter>Binance Exchange Simulator\Participants</Filter>
    </ClCompile>
    <ClCompile Include="UserTradeProfile.cpp">
      <Filter>Binance Exchange Simulator\User Trade Profile</Filter>
    </ClCompile>
  </ItemGroup>
</Project>