
Microsoft Visual Studio Solution File, Format Version 12.00
# Visual Studio Version 17
VisualStudioVersion = 17.2.32630.192
MinimumVisualStudioVersion = 10.0.40219.1
Project("{8BC9CEB8-8B4A-11D0-8D11-00A0C91BC942}") = "BinanceQuantTrader", "BinanceQuantTrader\BinanceQuantTrader.vcxproj", "{B3693378-843B-4AA3-BD4E-42F4D5A1B993}"
	ProjectSection(ProjectDependencies) = postProject
		{051EB83C-67FB-473A-B1CE-594D99334F3E} = {051EB83C-67FB-473A-B1CE-594D99334F3E}
		{076F8746-1B3B-48BE-9932-FF30D5C8B356} = {076F8746-1B3B-48BE-9932-FF30D5C8B356}
		{09E485DE-64B4-49E3-A701-9FED90C60CFA} = {09E485DE-64B4-49E3-A701-9FED90C60CFA}
		{0DD1206F-BA13-428C-BA45-CEA8534F90A3} = {0DD1206F-BA13-428C-BA45-CEA8534F90A3}
		{1B640A42-83A9-431C-A56A-DE95388DAAAB} = {1B640A42-83A9-431C-A56A-DE95388DAAAB}
		{29BABD78-E79B-490B-AA93-08C76409CE5F} = {29BABD78-E79B-490B-AA93-08C76409CE5F}
		{36D63283-53F3-46C6-BA22-65D8157DDE28} = {36D63283-53F3-46C6-BA22-65D8157DDE28}
		{47C37C7D-89BD-4D0E-B91A-FF56A619002F} = {47C37C7D-89BD-4D0E-B91A-FF56A619002F}
		{4F6CD413-1E79-4E87-AB9A-7ED769A36201} = {4F6CD413-1E79-4E87-AB9A-7ED769A36201}
		{62BF293B-069C-49D8-86D0-8FAF8C215FD0} = {62BF293B-069C-49D8-86D0-8FAF8C215FD0}
		{64B4D971-847A-40B4-8A41-767072998B45} = {64B4D971-847A-40B4-8A41-767072998B45}
		{712EDBC1-0B3E-4010-94C7-8170CAE721B5} = {712EDBC1-0B3E-4010-94C7-8170CAE721B5}
		{A94DE4B5-1FC0-479B-9868-5B428D1D2608} = {A94DE4B5-1FC0-479B-9868-5B428D1D2608}
		{AD2AFCF8-E851-489D-89AA-569CEEE286EC} = {AD2AFCF8-E851-489D-89AA-569CEEE286EC}
		{AFD2F9A8-68ED-47A5-9A13-56B9012C5FF6} = {AFD2F9A8-68ED-47A5-9A13-56B9012C5FF6}
		{AFE46327-04FA-43BB-9981-787145EF4640} = {AFE46327-04FA-43BB-9981-787145EF4640}
		{BA425E2A-AEBD-44FE-96BE-1D159748B2EA} = {BA425E2A-AEBD-44FE-96BE-1D159748B2EA}
		{C59167DA-06C0-4C81-9980-6FD180E924EF} = {C59167DA-06C0-4C81-9980-6FD180E924EF}
		{CDB4A12F-004B-435D-8201-364CC2F9F322} = {CDB4A12F-004B-435D-8201-364CC2F9F322}
		{D6CE172B-F177-4FD2-8C27-99AACE908584} = {D6CE172B-F177-4FD2-8C27-99AACE908584}
		{E12E11E9-6A42-4385-957E-C1FE3E370905} = {E12E11E9-6A42-4385-957E-C1FE3E370905}
		{E5FC98F8-B903-4BF6-8CA0-6D5918152BB0} = {E5FC98F8-B903-4BF6-8CA0-6D5918152BB0}
		{F772B424-1793-4577-8AC7-4D46DDC098B3} = {F772B424-1793-4577-8AC7-4D46DDC098B3}
	EndProjectSection
EndProject
Project("{8BC9CEB8-8B4A-11D0-8D11-00A0C91BC942}") = "RestAPI", "RestAPI\RestAPI.vcxproj", "{29BABD78-E79B-490B-AA93-08C76409CE5F}"
	ProjectSection(ProjectDependencies) = postProject
		{076F8746-1B3B-48BE-9932-FF30D5C8B356} = {076F8746-1B3B-48BE-9932-FF30D5C8B356}
		{CDB4A12F-004B-435D-8201-364CC2F9F322} = {CDB4A12F-004B-435D-8201-364CC2F9F322}
	EndProjectSection
EndProject
Project("{8BC9CEB8-8B4A-11D0-8D11-00A0C91BC942}") = "RealTimeSocket", "RealTimeSocket\RealTimeSocket.vcxproj", "{09E485DE-64B4-49E3-A701-9FED90C60CFA}"
	ProjectSection(ProjectDependencies) = postProject
		{CDB4A12F-004B-435D-8201-364CC2F9F322} = {CDB4A12F-004B-435D-8201-364CC2F9F322}
	EndProjectSection
EndProject
Project("{8BC9CEB8-8B4A-11D0-8D11-00A0C91BC942}") = "KernelTrading", "KernelTrading\KernelTrading.vcxproj", "{CDB4A12F-004B-435D-8201-364CC2F9F322}"
	ProjectSection(ProjectDependencies) = postProject
		{076F8746-1B3B-48BE-9932-FF30D5C8B356} = {076F8746-1B3B-48BE-9932-FF30D5C8B356}
	EndProjectSection
EndProject
Project("{8BC9CEB8-8B4A-11D0-8D11-00A0C91BC942}") = "MarketData", "MarketData\MarketData.vcxproj", "{4F6CD413-1E79-4E87-AB9A-7ED769A36201}"
	ProjectSection(ProjectDependencies) = postProject
		{09E485DE-64B4-49E3-A701-9FED90C60CFA} = {09E485DE-64B4-49E3-A701-9FED90C60CFA}
		{29BABD78-E79B-490B-AA93-08C76409CE5F} = {29BABD78-E79B-490B-AA93-08C76409CE5F}
		{47C37C7D-89BD-4D0E-B91A-FF56A619002F} = {47C37C7D-89BD-4D0E-B91A-FF56A619002F}
		{62BF293B-069C-49D8-86D0-8FAF8C215FD0} = {62BF293B-069C-49D8-86D0-8FAF8C215FD0}
		{CDB4A12F-004B-435D-8201-364CC2F9F322} = {CDB4A12F-004B-435D-8201-364CC2F9F322}
	EndProjectSection
EndProject
Project("{8BC9CEB8-8B4A-11D0-8D11-00A0C91BC942}") = "StaticData", "StaticData\StaticData.vcxproj", "{62BF293B-069C-49D8-86D0-8FAF8C215FD0}"
	ProjectSection(ProjectDependencies) = postProject
		{076F8746-1B3B-48BE-9932-FF30D5C8B356} = {076F8746-1B3B-48BE-9932-FF30D5C8B356}
		{29BABD78-E79B-490B-AA93-08C76409CE5F} = {29BABD78-E79B-490B-AA93-08C76409CE5F}
		{CDB4A12F-004B-435D-8201-364CC2F9F322} = {CDB4A12F-004B-435D-8201-364CC2F9F322}
	EndProjectSection
EndProject
Project("{8BC9CEB8-8B4A-11D0-8D11-00A0C91BC942}") = "HistoricalData", "HistoricalData\HistoricalData.vcxproj", "{712EDBC1-0B3E-4010-94C7-8170CAE721B5}"
	ProjectSection(ProjectDependencies) = postProject
		{076F8746-1B3B-48BE-9932-FF30D5C8B356} = {076F8746-1B3B-48BE-9932-FF30D5C8B356}
		{28F47BBA-1A63-4EBB-A40B-1412C311861C} = {28F47BBA-1A63-4EBB-A40B-1412C311861C}
	EndProjectSection
EndProject
Project("{8BC9CEB8-8B4A-11D0-8D11-00A0C91BC942}") = "OrderManagement", "OrderManagement\OrderManagement.vcxproj", "{BA425E2A-AEBD-44FE-96BE-1D159748B2EA}"
	ProjectSection(ProjectDependencies) = postProject
		{076F8746-1B3B-48BE-9932-FF30D5C8B356} = {076F8746-1B3B-48BE-9932-FF30D5C8B356}
		{29BABD78-E79B-490B-AA93-08C76409CE5F} = {29BABD78-E79B-490B-AA93-08C76409CE5F}
		{CDB4A12F-004B-435D-8201-364CC2F9F322} = {CDB4A12F-004B-435D-8201-364CC2F9F322}
		{EB8247FD-8490-450B-93A3-2286E8C2F566} = {EB8247FD-8490-450B-93A3-2286E8C2F566}
	EndProjectSection
EndProject
Project("{8BC9CEB8-8B4A-11D0-8D11-00A0C91BC942}") = "MacroData", "MacroData\MacroData.vcxproj", "{36D63283-53F3-46C6-BA22-65D8157DDE28}"
	ProjectSection(ProjectDependencies) = postProject
		{076F8746-1B3B-48BE-9932-FF30D5C8B356} = {076F8746-1B3B-48BE-9932-FF30D5C8B356}
	EndProjectSection
EndProject
Project("{8BC9CEB8-8B4A-11D0-8D11-00A0C91BC942}") = "TradingStrategies", "TradingStrategies\TradingStrategies.vcxproj", "{AFD2F9A8-68ED-47A5-9A13-56B9012C5FF6}"
	ProjectSection(ProjectDependencies) = postProject
		{1B640A42-83A9-431C-A56A-DE95388DAAAB} = {1B640A42-83A9-431C-A56A-DE95388DAAAB}
		{4F6CD413-1E79-4E87-AB9A-7ED769A36201} = {4F6CD413-1E79-4E87-AB9A-7ED769A36201}
		{64B4D971-847A-40B4-8A41-767072998B45} = {64B4D971-847A-40B4-8A41-767072998B45}
		{A94DE4B5-1FC0-479B-9868-5B428D1D2608} = {A94DE4B5-1FC0-479B-9868-5B428D1D2608}
		{AFE46327-04FA-43BB-9981-787145EF4640} = {AFE46327-04FA-43BB-9981-787145EF4640}
		{E12E11E9-6A42-4385-957E-C1FE3E370905} = {E12E11E9-6A42-4385-957E-C1FE3E370905}
		{E5FC98F8-B903-4BF6-8CA0-6D5918152BB0} = {E5FC98F8-B903-4BF6-8CA0-6D5918152BB0}
		{EB8247FD-8490-450B-93A3-2286E8C2F566} = {EB8247FD-8490-450B-93A3-2286E8C2F566}
	EndProjectSection
EndProject
Project("{8BC9CEB8-8B4A-11D0-8D11-00A0C91BC942}") = "RiskManagement", "RiskManagement\RiskManagement.vcxproj", "{64B4D971-847A-40B4-8A41-767072998B45}"
	ProjectSection(ProjectDependencies) = postProject
		{076F8746-1B3B-48BE-9932-FF30D5C8B356} = {076F8746-1B3B-48BE-9932-FF30D5C8B356}
		{47C37C7D-89BD-4D0E-B91A-FF56A619002F} = {47C37C7D-89BD-4D0E-B91A-FF56A619002F}
	EndProjectSection
EndProject
Project("{8BC9CEB8-8B4A-11D0-8D11-00A0C91BC942}") = "LibraryUtils", "LibraryUtils\LibraryUtils.vcxproj", "{076F8746-1B3B-48BE-9932-FF30D5C8B356}"
EndProject
Project("{8BC9CEB8-8B4A-11D0-8D11-00A0C91BC942}") = "ComplianceNRegulatory", "ComplianceNRegulatory\ComplianceNRegulatory.vcxproj", "{E5FC98F8-B903-4BF6-8CA0-6D5918152BB0}"
	ProjectSection(ProjectDependencies) = postProject
		{051EB83C-67FB-473A-B1CE-594D99334F3E} = {051EB83C-67FB-473A-B1CE-594D99334F3E}
		{076F8746-1B3B-48BE-9932-FF30D5C8B356} = {076F8746-1B3B-48BE-9932-FF30D5C8B356}
		{29BABD78-E79B-490B-AA93-08C76409CE5F} = {29BABD78-E79B-490B-AA93-08C76409CE5F}
		{CDB4A12F-004B-435D-8201-364CC2F9F322} = {CDB4A12F-004B-435D-8201-364CC2F9F322}
	EndProjectSection
EndProject
Project("{8BC9CEB8-8B4A-11D0-8D11-00A0C91BC942}") = "UnitTest", "UnitTest\UnitTest.vcxproj", "{F772B424-1793-4577-8AC7-4D46DDC098B3}"
EndProject
Project("{8BC9CEB8-8B4A-11D0-8D11-00A0C91BC942}") = "BackTesting", "BackTesting\BackTesting.vcxproj", "{06611517-CB6C-4EE2-BABC-143F8B80D42A}"
	ProjectSection(ProjectDependencies) = postProject
		{076F8746-1B3B-48BE-9932-FF30D5C8B356} = {076F8746-1B3B-48BE-9932-FF30D5C8B356}
		{47C37C7D-89BD-4D0E-B91A-FF56A619002F} = {47C37C7D-89BD-4D0E-B91A-FF56A619002F}
		{AD2AFCF8-E851-489D-89AA-569CEEE286EC} = {AD2AFCF8-E851-489D-89AA-569CEEE286EC}
		{D6CE172B-F177-4FD2-8C27-99AACE908584} = {D6CE172B-F177-4FD2-8C27-99AACE908584}
		{EB8247FD-8490-450B-93A3-2286E8C2F566} = {EB8247FD-8490-450B-93A3-2286E8C2F566}
	EndProjectSection
EndProject
Project("{8BC9CEB8-8B4A-11D0-8D11-00A0C91BC942}") = "IndicatorNSignals", "IndicatorNSignals\IndicatorNSignals.vcxproj", "{A94DE4B5-1FC0-479B-9868-5B428D1D2608}"
	ProjectSection(ProjectDependencies) = postProject
		{076F8746-1B3B-48BE-9932-FF30D5C8B356} = {076F8746-1B3B-48BE-9932-FF30D5C8B356}
		{1B640A42-83A9-431C-A56A-DE95388DAAAB} = {1B640A42-83A9-431C-A56A-DE95388DAAAB}
		{36D63283-53F3-46C6-BA22-65D8157DDE28} = {36D63283-53F3-46C6-BA22-65D8157DDE28}
		{47C37C7D-89BD-4D0E-B91A-FF56A619002F} = {47C37C7D-89BD-4D0E-B91A-FF56A619002F}
		{4F6CD413-1E79-4E87-AB9A-7ED769A36201} = {4F6CD413-1E79-4E87-AB9A-7ED769A36201}
		{62BF293B-069C-49D8-86D0-8FAF8C215FD0} = {62BF293B-069C-49D8-86D0-8FAF8C215FD0}
		{712EDBC1-0B3E-4010-94C7-8170CAE721B5} = {712EDBC1-0B3E-4010-94C7-8170CAE721B5}
		{CDB4A12F-004B-435D-8201-364CC2F9F322} = {CDB4A12F-004B-435D-8201-364CC2F9F322}
		{E5FC98F8-B903-4BF6-8CA0-6D5918152BB0} = {E5FC98F8-B903-4BF6-8CA0-6D5918152BB0}
	EndProjectSection
EndProject
Project("{8BC9CEB8-8B4A-11D0-8D11-00A0C91BC942}") = "UserAccount", "UserAccount\UserAccount.vcxproj", "{E12E11E9-6A42-4385-957E-C1FE3E370905}"
	ProjectSection(ProjectDependencies) = postProject
		{051EB83C-67FB-473A-B1CE-594D99334F3E} = {051EB83C-67FB-473A-B1CE-594D99334F3E}
		{076F8746-1B3B-48BE-9932-FF30D5C8B356} = {076F8746-1B3B-48BE-9932-FF30D5C8B356}
		{1B640A42-83A9-431C-A56A-DE95388DAAAB} = {1B640A42-83A9-431C-A56A-DE95388DAAAB}
		{29BABD78-E79B-490B-AA93-08C76409CE5F} = {29BABD78-E79B-490B-AA93-08C76409CE5F}
		{47C37C7D-89BD-4D0E-B91A-FF56A619002F} = {47C37C7D-89BD-4D0E-B91A-FF56A619002F}
		{BA425E2A-AEBD-44FE-96BE-1D159748B2EA} = {BA425E2A-AEBD-44FE-96BE-1D159748B2EA}
		{CDB4A12F-004B-435D-8201-364CC2F9F322} = {CDB4A12F-004B-435D-8201-364CC2F9F322}
		{D6CE172B-F177-4FD2-8C27-99AACE908584} = {D6CE172B-F177-4FD2-8C27-99AACE908584}
	EndProjectSection
EndProject
Project("{8BC9CEB8-8B4A-11D0-8D11-00A0C91BC942}") = "ExchangeSimulator", "ExchangeSimulator\ExchangeSimulator.vcxproj", "{D6CE172B-F177-4FD2-8C27-99AACE908584}"
	ProjectSection(ProjectDependencies) = postProject
		{076F8746-1B3B-48BE-9932-FF30D5C8B356} = {076F8746-1B3B-48BE-9932-FF30D5C8B356}
		{1B640A42-83A9-431C-A56A-DE95388DAAAB} = {1B640A42-83A9-431C-A56A-DE95388DAAAB}
		{47C37C7D-89BD-4D0E-B91A-FF56A619002F} = {47C37C7D-89BD-4D0E-B91A-FF56A619002F}
		{BA425E2A-AEBD-44FE-96BE-1D159748B2EA} = {BA425E2A-AEBD-44FE-96BE-1D159748B2EA}
		{CDB4A12F-004B-435D-8201-364CC2F9F322} = {CDB4A12F-004B-435D-8201-364CC2F9F322}
	EndProjectSection
EndProject
Project("{8BC9CEB8-8B4A-11D0-8D11-00A0C91BC942}") = "PortfolioManager", "PortfolioManager\PortfolioManager.vcxproj", "{1B640A42-83A9-431C-A56A-DE95388DAAAB}"
	ProjectSection(ProjectDependencies) = postProject
		{051EB83C-67FB-473A-B1CE-594D99334F3E} = {051EB83C-67FB-473A-B1CE-594D99334F3E}
		{076F8746-1B3B-48BE-9932-FF30D5C8B356} = {076F8746-1B3B-48BE-9932-FF30D5C8B356}
		{29BABD78-E79B-490B-AA93-08C76409CE5F} = {29BABD78-E79B-490B-AA93-08C76409CE5F}
		{47C37C7D-89BD-4D0E-B91A-FF56A619002F} = {47C37C7D-89BD-4D0E-B91A-FF56A619002F}
		{4F6CD413-1E79-4E87-AB9A-7ED769A36201} = {4F6CD413-1E79-4E87-AB9A-7ED769A36201}
		{62BF293B-069C-49D8-86D0-8FAF8C215FD0} = {62BF293B-069C-49D8-86D0-8FAF8C215FD0}
		{CDB4A12F-004B-435D-8201-364CC2F9F322} = {CDB4A12F-004B-435D-8201-364CC2F9F322}
	EndProjectSection
EndProject
Project("{8BC9CEB8-8B4A-11D0-8D11-00A0C91BC942}") = "SettingNConfig", "SettingNConfig\SettingNConfig.vcxproj", "{47C37C7D-89BD-4D0E-B91A-FF56A619002F}"
	ProjectSection(ProjectDependencies) = postProject
		{076F8746-1B3B-48BE-9932-FF30D5C8B356} = {076F8746-1B3B-48BE-9932-FF30D5C8B356}
	EndProjectSection
EndProject
Project("{8BC9CEB8-8B4A-11D0-8D11-00A0C91BC942}") = "PythonPlugin", "PythonPlugin\PythonPlugin.vcxproj", "{0DD1206F-BA13-428C-BA45-CEA8534F90A3}"
EndProject
Project("{8BC9CEB8-8B4A-11D0-8D11-00A0C91BC942}") = "ExchangeConnectivity", "ExchangeConnectivity\ExchangeConnectivity.vcxproj", "{051EB83C-67FB-473A-B1CE-594D99334F3E}"
	ProjectSection(ProjectDependencies) = postProject
		{076F8746-1B3B-48BE-9932-FF30D5C8B356} = {076F8746-1B3B-48BE-9932-FF30D5C8B356}
		{BA425E2A-AEBD-44FE-96BE-1D159748B2EA} = {BA425E2A-AEBD-44FE-96BE-1D159748B2EA}
		{CDB4A12F-004B-435D-8201-364CC2F9F322} = {CDB4A12F-004B-435D-8201-364CC2F9F322}
	EndProjectSection
EndProject
Project("{8BC9CEB8-8B4A-11D0-8D11-00A0C91BC942}") = "WindowsService", "WindowsService\WindowsService.vcxproj", "{AD2AFCF8-E851-489D-89AA-569CEEE286EC}"
EndProject
Project("{8BC9CEB8-8B4A-11D0-8D11-00A0C91BC942}") = "MiddlewareMQ", "MiddlewareMQ\MiddlewareMQ.vcxproj", "{EB8247FD-8490-450B-93A3-2286E8C2F566}"
	ProjectSection(ProjectDependencies) = postProject
		{076F8746-1B3B-48BE-9932-FF30D5C8B356} = {076F8746-1B3B-48BE-9932-FF30D5C8B356}
		{47C37C7D-89BD-4D0E-B91A-FF56A619002F} = {47C37C7D-89BD-4D0E-B91A-FF56A619002F}
	EndProjectSection
EndProject
Project("{8BC9CEB8-8B4A-11D0-8D11-00A0C91BC942}") = "BQTViewer", "BQTViewer\BQTViewer.vcxproj", "{BEC35AE7-6D99-4BB8-AE43-5922A8AA697F}"
EndProject
Project("{8BC9CEB8-8B4A-11D0-8D11-00A0C91BC942}") = "QuantitativeModel", "QuantitativeModel\QuantitativeModel.vcxproj", "{AFE46327-04FA-43BB-9981-787145EF4640}"
	ProjectSection(ProjectDependencies) = postProject
		{1B640A42-83A9-431C-A56A-DE95388DAAAB} = {1B640A42-83A9-431C-A56A-DE95388DAAAB}
		{4F6CD413-1E79-4E87-AB9A-7ED769A36201} = {4F6CD413-1E79-4E87-AB9A-7ED769A36201}
		{64B4D971-847A-40B4-8A41-767072998B45} = {64B4D971-847A-40B4-8A41-767072998B45}
		{BA425E2A-AEBD-44FE-96BE-1D159748B2EA} = {BA425E2A-AEBD-44FE-96BE-1D159748B2EA}
		{E5FC98F8-B903-4BF6-8CA0-6D5918152BB0} = {E5FC98F8-B903-4BF6-8CA0-6D5918152BB0}
	EndProjectSection
EndProject
Project("{8BC9CEB8-8B4A-11D0-8D11-00A0C91BC942}") = "MessageHubServer", "MessageHubServer\MessageHubServer.vcxproj", "{474BD785-0643-4B44-9C3E-30CCE9DAA81E}"
	ProjectSection(ProjectDependencies) = postProject
		{076F8746-1B3B-48BE-9932-FF30D5C8B356} = {076F8746-1B3B-48BE-9932-FF30D5C8B356}
		{D6CE172B-F177-4FD2-8C27-99AACE908584} = {D6CE172B-F177-4FD2-8C27-99AACE908584}
		{EB8247FD-8490-450B-93A3-2286E8C2F566} = {EB8247FD-8490-450B-93A3-2286E8C2F566}
	EndProjectSection
EndProject
Project("{8BC9CEB8-8B4A-11D0-8D11-00A0C91BC942}") = "SqlDatabase", "SqlDatabase\SqlDatabase.vcxproj", "{28F47BBA-1A63-4EBB-A40B-1412C311861C}"
	ProjectSection(ProjectDependencies) = postProject
		{076F8746-1B3B-48BE-9932-FF30D5C8B356} = {076F8746-1B3B-48BE-9932-FF30D5C8B356}
	EndProjectSection
EndProject
Project("{8BC9CEB8-8B4A-11D0-8D11-00A0C91BC942}") = "OrderRouting", "OrderRouting\OrderRouting.vcxproj", "{C59167DA-06C0-4C81-9980-6FD180E924EF}"
EndProject
Project("{8BC9CEB8-8B4A-11D0-8D11-00A0C91BC942}") = "QuantLib", "QuantLibrary\QuantLib.vcxproj", "{AD0A27DA-91DA-46A2-ACBD-296C419ED3AA}"
EndProject
Project("{8BC9CEB8-8B4A-11D0-8D11-00A0C91BC942}") = "MarketDataCapture", "MarketDataCapture\MarketDataCapture.vcxproj", "{96AFA504-0373-404C-B505-D8AC17F245B2}"
	ProjectSection(ProjectDependencies) = postProject
		{076F8746-1B3B-48BE-9932-FF30D5C8B356} = {076F8746-1B3B-48BE-9932-FF30D5C8B356}
		{47C37C7D-89BD-4D0E-B91A-FF56A619002F} = {47C37C7D-89BD-4D0E-B91A-FF56A619002F}
		{4F6CD413-1E79-4E87-AB9A-7ED769A36201} = {4F6CD413-1E79-4E87-AB9A-7ED769A36201}
	EndProjectSection
EndProject
Project("{8BC9CEB8-8B4A-11D0-8D11-00A0C91BC942}") = "CurlAPI", "CurlAPI\CurlAPI.vcxproj", "{2D8D0B45-4916-4125-B333-B95E3BA16AD6}"
EndProject
Global
	GlobalSection(SolutionConfigurationPlatforms) = preSolution
		Debug (static runtime)|x64 = Debug (static runtime)|x64
		Debug (static runtime)|x86 = Debug (static runtime)|x86
		Debug|x64 = Debug|x64
		Debug|x86 = Debug|x86
		Release (static runtime)|x64 = Release (static runtime)|x64
		Release (static runtime)|x86 = Release (static runtime)|x86
		Release|x64 = Release|x64
		Release|x86 = Release|x86
	EndGlobalSection
	GlobalSection(ProjectConfigurationPlatforms) = postSolution
		{B3693378-843B-4AA3-BD4E-42F4D5A1B993}.Debug (static runtime)|x64.ActiveCfg = Debug|x64
		{B3693378-843B-4AA3-BD4E-42F4D5A1B993}.Debug (static runtime)|x64.Build.0 = Debug|x64
		{B3693378-843B-4AA3-BD4E-42F4D5A1B993}.Debug (static runtime)|x86.ActiveCfg = Debug|Win32
		{B3693378-843B-4AA3-BD4E-42F4D5A1B993}.Debug (static runtime)|x86.Build.0 = Debug|Win32
		{B3693378-843B-4AA3-BD4E-42F4D5A1B993}.Debug|x64.ActiveCfg = Debug|x64
		{B3693378-843B-4AA3-BD4E-42F4D5A1B993}.Debug|x64.Build.0 = Debug|x64
		{B3693378-843B-4AA3-BD4E-42F4D5A1B993}.Debug|x86.ActiveCfg = Debug|Win32
		{B3693378-843B-4AA3-BD4E-42F4D5A1B993}.Debug|x86.Build.0 = Debug|Win32
		{B3693378-843B-4AA3-BD4E-42F4D5A1B993}.Release (static runtime)|x64.ActiveCfg = Release|x64
		{B3693378-843B-4AA3-BD4E-42F4D5A1B993}.Release (static runtime)|x64.Build.0 = Release|x64
		{B3693378-843B-4AA3-BD4E-42F4D5A1B993}.Release (static runtime)|x86.ActiveCfg = Release|Win32
		{B3693378-843B-4AA3-BD4E-42F4D5A1B993}.Release (static runtime)|x86.Build.0 = Release|Win32
		{B3693378-843B-4AA3-BD4E-42F4D5A1B993}.Release|x64.ActiveCfg = Release|x64
		{B3693378-843B-4AA3-BD4E-42F4D5A1B993}.Release|x64.Build.0 = Release|x64
		{B3693378-843B-4AA3-BD4E-42F4D5A1B993}.Release|x86.ActiveCfg = Release|Win32
		{B3693378-843B-4AA3-BD4E-42F4D5A1B993}.Release|x86.Build.0 = Release|Win32
		{29BABD78-E79B-490B-AA93-08C76409CE5F}.Debug (static runtime)|x64.ActiveCfg = Debug|x64
		{29BABD78-E79B-490B-AA93-08C76409CE5F}.Debug (static runtime)|x64.Build.0 = Debug|x64
		{29BABD78-E79B-490B-AA93-08C76409CE5F}.Debug (static runtime)|x86.ActiveCfg = Debug|Win32
		{29BABD78-E79B-490B-AA93-08C76409CE5F}.Debug (static runtime)|x86.Build.0 = Debug|Win32
		{29BABD78-E79B-490B-AA93-08C76409CE5F}.Debug|x64.ActiveCfg = Debug|x64
		{29BABD78-E79B-490B-AA93-08C76409CE5F}.Debug|x64.Build.0 = Debug|x64
		{29BABD78-E79B-490B-AA93-08C76409CE5F}.Debug|x86.ActiveCfg = Debug|Win32
		{29BABD78-E79B-490B-AA93-08C76409CE5F}.Debug|x86.Build.0 = Debug|Win32
		{29BABD78-E79B-490B-AA93-08C76409CE5F}.Release (static runtime)|x64.ActiveCfg = Release|x64
		{29BABD78-E79B-490B-AA93-08C76409CE5F}.Release (static runtime)|x64.Build.0 = Release|x64
		{29BABD78-E79B-490B-AA93-08C76409CE5F}.Release (static runtime)|x86.ActiveCfg = Release|Win32
		{29BABD78-E79B-490B-AA93-08C76409CE5F}.Release (static runtime)|x86.Build.0 = Release|Win32
		{29BABD78-E79B-490B-AA93-08C76409CE5F}.Release|x64.ActiveCfg = Release|x64
		{29BABD78-E79B-490B-AA93-08C76409CE5F}.Release|x64.Build.0 = Release|x64
		{29BABD78-E79B-490B-AA93-08C76409CE5F}.Release|x86.ActiveCfg = Release|Win32
		{29BABD78-E79B-490B-AA93-08C76409CE5F}.Release|x86.Build.0 = Release|Win32
		{09E485DE-64B4-49E3-A701-9FED90C60CFA}.Debug (static runtime)|x64.ActiveCfg = Debug|x64
		{09E485DE-64B4-49E3-A701-9FED90C60CFA}.Debug (static runtime)|x64.Build.0 = Debug|x64
		{09E485DE-64B4-49E3-A701-9FED90C60CFA}.Debug (static runtime)|x86.ActiveCfg = Debug|Win32
		{09E485DE-64B4-49E3-A701-9FED90C60CFA}.Debug (static runtime)|x86.Build.0 = Debug|Win32
		{09E485DE-64B4-49E3-A701-9FED90C60CFA}.Debug|x64.ActiveCfg = Debug|x64
		{09E485DE-64B4-49E3-A701-9FED90C60CFA}.Debug|x64.Build.0 = Debug|x64
		{09E485DE-64B4-49E3-A701-9FED90C60CFA}.Debug|x86.ActiveCfg = Debug|Win32
		{09E485DE-64B4-49E3-A701-9FED90C60CFA}.Debug|x86.Build.0 = Debug|Win32
		{09E485DE-64B4-49E3-A701-9FED90C60CFA}.Release (static runtime)|x64.ActiveCfg = Release|x64
		{09E485DE-64B4-49E3-A701-9FED90C60CFA}.Release (static runtime)|x64.Build.0 = Release|x64
		{09E485DE-64B4-49E3-A701-9FED90C60CFA}.Release (static runtime)|x86.ActiveCfg = Release|Win32
		{09E485DE-64B4-49E3-A701-9FED90C60CFA}.Release (static runtime)|x86.Build.0 = Release|Win32
		{09E485DE-64B4-49E3-A701-9FED90C60CFA}.Release|x64.ActiveCfg = Release|x64
		{09E485DE-64B4-49E3-A701-9FED90C60CFA}.Release|x64.Build.0 = Release|x64
		{09E485DE-64B4-49E3-A701-9FED90C60CFA}.Release|x86.ActiveCfg = Release|Win32
		{09E485DE-64B4-49E3-A701-9FED90C60CFA}.Release|x86.Build.0 = Release|Win32
		{CDB4A12F-004B-435D-8201-364CC2F9F322}.Debug (static runtime)|x64.ActiveCfg = Debug|x64
		{CDB4A12F-004B-435D-8201-364CC2F9F322}.Debug (static runtime)|x64.Build.0 = Debug|x64
		{CDB4A12F-004B-435D-8201-364CC2F9F322}.Debug (static runtime)|x86.ActiveCfg = Debug|Win32
		{CDB4A12F-004B-435D-8201-364CC2F9F322}.Debug (static runtime)|x86.Build.0 = Debug|Win32
		{CDB4A12F-004B-435D-8201-364CC2F9F322}.Debug|x64.ActiveCfg = Debug|x64
		{CDB4A12F-004B-435D-8201-364CC2F9F322}.Debug|x64.Build.0 = Debug|x64
		{CDB4A12F-004B-435D-8201-364CC2F9F322}.Debug|x86.ActiveCfg = Debug|Win32
		{CDB4A12F-004B-435D-8201-364CC2F9F322}.Debug|x86.Build.0 = Debug|Win32
		{CDB4A12F-004B-435D-8201-364CC2F9F322}.Release (static runtime)|x64.ActiveCfg = Release|x64
		{CDB4A12F-004B-435D-8201-364CC2F9F322}.Release (static runtime)|x64.Build.0 = Release|x64
		{CDB4A12F-004B-435D-8201-364CC2F9F322}.Release (static runtime)|x86.ActiveCfg = Release|Win32
		{CDB4A12F-004B-435D-8201-364CC2F9F322}.Release (static runtime)|x86.Build.0 = Release|Win32
		{CDB4A12F-004B-435D-8201-364CC2F9F322}.Release|x64.ActiveCfg = Release|x64
		{CDB4A12F-004B-435D-8201-364CC2F9F322}.Release|x64.Build.0 = Release|x64
		{CDB4A12F-004B-435D-8201-364CC2F9F322}.Release|x86.ActiveCfg = Release|Win32
		{CDB4A12F-004B-435D-8201-364CC2F9F322}.Release|x86.Build.0 = Release|Win32
		{4F6CD413-1E79-4E87-AB9A-7ED769A36201}.Debug (static runtime)|x64.ActiveCfg = Debug|x64
		{4F6CD413-1E79-4E87-AB9A-7ED769A36201}.Debug (static runtime)|x64.Build.0 = Debug|x64
		{4F6CD413-1E79-4E87-AB9A-7ED769A36201}.Debug (static runtime)|x86.ActiveCfg = Debug|Win32
		{4F6CD413-1E79-4E87-AB9A-7ED769A36201}.Debug (static runtime)|x86.Build.0 = Debug|Win32
		{4F6CD413-1E79-4E87-AB9A-7ED769A36201}.Debug|x64.ActiveCfg = Debug|x64
		{4F6CD413-1E79-4E87-AB9A-7ED769A36201}.Debug|x64.Build.0 = Debug|x64
		{4F6CD413-1E79-4E87-AB9A-7ED769A36201}.Debug|x86.ActiveCfg = Debug|Win32
		{4F6CD413-1E79-4E87-AB9A-7ED769A36201}.Debug|x86.Build.0 = Debug|Win32
		{4F6CD413-1E79-4E87-AB9A-7ED769A36201}.Release (static runtime)|x64.ActiveCfg = Release|x64
		{4F6CD413-1E79-4E87-AB9A-7ED769A36201}.Release (static runtime)|x64.Build.0 = Release|x64
		{4F6CD413-1E79-4E87-AB9A-7ED769A36201}.Release (static runtime)|x86.ActiveCfg = Release|Win32
		{4F6CD413-1E79-4E87-AB9A-7ED769A36201}.Release (static runtime)|x86.Build.0 = Release|Win32
		{4F6CD413-1E79-4E87-AB9A-7ED769A36201}.Release|x64.ActiveCfg = Release|x64
		{4F6CD413-1E79-4E87-AB9A-7ED769A36201}.Release|x64.Build.0 = Release|x64
		{4F6CD413-1E79-4E87-AB9A-7ED769A36201}.Release|x86.ActiveCfg = Release|Win32
		{4F6CD413-1E79-4E87-AB9A-7ED769A36201}.Release|x86.Build.0 = Release|Win32
		{62BF293B-069C-49D8-86D0-8FAF8C215FD0}.Debug (static runtime)|x64.ActiveCfg = Debug|x64
		{62BF293B-069C-49D8-86D0-8FAF8C215FD0}.Debug (static runtime)|x64.Build.0 = Debug|x64
		{62BF293B-069C-49D8-86D0-8FAF8C215FD0}.Debug (static runtime)|x86.ActiveCfg = Debug|Win32
		{62BF293B-069C-49D8-86D0-8FAF8C215FD0}.Debug (static runtime)|x86.Build.0 = Debug|Win32
		{62BF293B-069C-49D8-86D0-8FAF8C215FD0}.Debug|x64.ActiveCfg = Debug|x64
		{62BF293B-069C-49D8-86D0-8FAF8C215FD0}.Debug|x64.Build.0 = Debug|x64
		{62BF293B-069C-49D8-86D0-8FAF8C215FD0}.Debug|x86.ActiveCfg = Debug|Win32
		{62BF293B-069C-49D8-86D0-8FAF8C215FD0}.Debug|x86.Build.0 = Debug|Win32
		{62BF293B-069C-49D8-86D0-8FAF8C215FD0}.Release (static runtime)|x64.ActiveCfg = Release|x64
		{62BF293B-069C-49D8-86D0-8FAF8C215FD0}.Release (static runtime)|x64.Build.0 = Release|x64
		{62BF293B-069C-49D8-86D0-8FAF8C215FD0}.Release (static runtime)|x86.ActiveCfg = Release|Win32
		{62BF293B-069C-49D8-86D0-8FAF8C215FD0}.Release (static runtime)|x86.Build.0 = Release|Win32
		{62BF293B-069C-49D8-86D0-8FAF8C215FD0}.Release|x64.ActiveCfg = Release|x64
		{62BF293B-069C-49D8-86D0-8FAF8C215FD0}.Release|x64.Build.0 = Release|x64
		{62BF293B-069C-49D8-86D0-8FAF8C215FD0}.Release|x86.ActiveCfg = Release|Win32
		{62BF293B-069C-49D8-86D0-8FAF8C215FD0}.Release|x86.Build.0 = Release|Win32
		{712EDBC1-0B3E-4010-94C7-8170CAE721B5}.Debug (static runtime)|x64.ActiveCfg = Debug|x64
		{712EDBC1-0B3E-4010-94C7-8170CAE721B5}.Debug (static runtime)|x64.Build.0 = Debug|x64
		{712EDBC1-0B3E-4010-94C7-8170CAE721B5}.Debug (static runtime)|x86.ActiveCfg = Debug|Win32
		{712EDBC1-0B3E-4010-94C7-8170CAE721B5}.Debug (static runtime)|x86.Build.0 = Debug|Win32
		{712EDBC1-0B3E-4010-94C7-8170CAE721B5}.Debug|x64.ActiveCfg = Debug|x64
		{712EDBC1-0B3E-4010-94C7-8170CAE721B5}.Debug|x64.Build.0 = Debug|x64
		{712EDBC1-0B3E-4010-94C7-8170CAE721B5}.Debug|x86.ActiveCfg = Debug|Win32
		{712EDBC1-0B3E-4010-94C7-8170CAE721B5}.Debug|x86.Build.0 = Debug|Win32
		{712EDBC1-0B3E-4010-94C7-8170CAE721B5}.Release (static runtime)|x64.ActiveCfg = Release|x64
		{712EDBC1-0B3E-4010-94C7-8170CAE721B5}.Release (static runtime)|x64.Build.0 = Release|x64
		{712EDBC1-0B3E-4010-94C7-8170CAE721B5}.Release (static runtime)|x86.ActiveCfg = Release|Win32
		{712EDBC1-0B3E-4010-94C7-8170CAE721B5}.Release (static runtime)|x86.Build.0 = Release|Win32
		{712EDBC1-0B3E-4010-94C7-8170CAE721B5}.Release|x64.ActiveCfg = Release|x64
		{712EDBC1-0B3E-4010-94C7-8170CAE721B5}.Release|x64.Build.0 = Release|x64
		{712EDBC1-0B3E-4010-94C7-8170CAE721B5}.Release|x86.ActiveCfg = Release|Win32
		{712EDBC1-0B3E-4010-94C7-8170CAE721B5}.Release|x86.Build.0 = Release|Win32
		{BA425E2A-AEBD-44FE-96BE-1D159748B2EA}.Debug (static runtime)|x64.ActiveCfg = Debug|x64
		{BA425E2A-AEBD-44FE-96BE-1D159748B2EA}.Debug (static runtime)|x64.Build.0 = Debug|x64
		{BA425E2A-AEBD-44FE-96BE-1D159748B2EA}.Debug (static runtime)|x86.ActiveCfg = Debug|Win32
		{BA425E2A-AEBD-44FE-96BE-1D159748B2EA}.Debug (static runtime)|x86.Build.0 = Debug|Win32
		{BA425E2A-AEBD-44FE-96BE-1D159748B2EA}.Debug|x64.ActiveCfg = Debug|x64
		{BA425E2A-AEBD-44FE-96BE-1D159748B2EA}.Debug|x64.Build.0 = Debug|x64
		{BA425E2A-AEBD-44FE-96BE-1D159748B2EA}.Debug|x86.ActiveCfg = Debug|Win32
		{BA425E2A-AEBD-44FE-96BE-1D159748B2EA}.Debug|x86.Build.0 = Debug|Win32
		{BA425E2A-AEBD-44FE-96BE-1D159748B2EA}.Release (static runtime)|x64.ActiveCfg = Release|x64
		{BA425E2A-AEBD-44FE-96BE-1D159748B2EA}.Release (static runtime)|x64.Build.0 = Release|x64
		{BA425E2A-AEBD-44FE-96BE-1D159748B2EA}.Release (static runtime)|x86.ActiveCfg = Release|Win32
		{BA425E2A-AEBD-44FE-96BE-1D159748B2EA}.Release (static runtime)|x86.Build.0 = Release|Win32
		{BA425E2A-AEBD-44FE-96BE-1D159748B2EA}.Release|x64.ActiveCfg = Release|x64
		{BA425E2A-AEBD-44FE-96BE-1D159748B2EA}.Release|x64.Build.0 = Release|x64
		{BA425E2A-AEBD-44FE-96BE-1D159748B2EA}.Release|x86.ActiveCfg = Release|Win32
		{BA425E2A-AEBD-44FE-96BE-1D159748B2EA}.Release|x86.Build.0 = Release|Win32
		{36D63283-53F3-46C6-BA22-65D8157DDE28}.Debug (static runtime)|x64.ActiveCfg = Debug|x64
		{36D63283-53F3-46C6-BA22-65D8157DDE28}.Debug (static runtime)|x64.Build.0 = Debug|x64
		{36D63283-53F3-46C6-BA22-65D8157DDE28}.Debug (static runtime)|x86.ActiveCfg = Debug|Win32
		{36D63283-53F3-46C6-BA22-65D8157DDE28}.Debug (static runtime)|x86.Build.0 = Debug|Win32
		{36D63283-53F3-46C6-BA22-65D8157DDE28}.Debug|x64.ActiveCfg = Debug|x64
		{36D63283-53F3-46C6-BA22-65D8157DDE28}.Debug|x64.Build.0 = Debug|x64
		{36D63283-53F3-46C6-BA22-65D8157DDE28}.Debug|x86.ActiveCfg = Debug|Win32
		{36D63283-53F3-46C6-BA22-65D8157DDE28}.Debug|x86.Build.0 = Debug|Win32
		{36D63283-53F3-46C6-BA22-65D8157DDE28}.Release (static runtime)|x64.ActiveCfg = Release|x64
		{36D63283-53F3-46C6-BA22-65D8157DDE28}.Release (static runtime)|x64.Build.0 = Release|x64
		{36D63283-53F3-46C6-BA22-65D8157DDE28}.Release (static runtime)|x86.ActiveCfg = Release|Win32
		{36D63283-53F3-46C6-BA22-65D8157DDE28}.Release (static runtime)|x86.Build.0 = Release|Win32
		{36D63283-53F3-46C6-BA22-65D8157DDE28}.Release|x64.ActiveCfg = Release|x64
		{36D63283-53F3-46C6-BA22-65D8157DDE28}.Release|x64.Build.0 = Release|x64
		{36D63283-53F3-46C6-BA22-65D8157DDE28}.Release|x86.ActiveCfg = Release|Win32
		{36D63283-53F3-46C6-BA22-65D8157DDE28}.Release|x86.Build.0 = Release|Win32
		{AFD2F9A8-68ED-47A5-9A13-56B9012C5FF6}.Debug (static runtime)|x64.ActiveCfg = Debug|x64
		{AFD2F9A8-68ED-47A5-9A13-56B9012C5FF6}.Debug (static runtime)|x64.Build.0 = Debug|x64
		{AFD2F9A8-68ED-47A5-9A13-56B9012C5FF6}.Debug (static runtime)|x86.ActiveCfg = Debug|Win32
		{AFD2F9A8-68ED-47A5-9A13-56B9012C5FF6}.Debug (static runtime)|x86.Build.0 = Debug|Win32
		{AFD2F9A8-68ED-47A5-9A13-56B9012C5FF6}.Debug|x64.ActiveCfg = Debug|x64
		{AFD2F9A8-68ED-47A5-9A13-56B9012C5FF6}.Debug|x64.Build.0 = Debug|x64
		{AFD2F9A8-68ED-47A5-9A13-56B9012C5FF6}.Debug|x86.ActiveCfg = Debug|Win32
		{AFD2F9A8-68ED-47A5-9A13-56B9012C5FF6}.Debug|x86.Build.0 = Debug|Win32
		{AFD2F9A8-68ED-47A5-9A13-56B9012C5FF6}.Release (static runtime)|x64.ActiveCfg = Release|x64
		{AFD2F9A8-68ED-47A5-9A13-56B9012C5FF6}.Release (static runtime)|x64.Build.0 = Release|x64
		{AFD2F9A8-68ED-47A5-9A13-56B9012C5FF6}.Release (static runtime)|x86.ActiveCfg = Release|Win32
		{AFD2F9A8-68ED-47A5-9A13-56B9012C5FF6}.Release (static runtime)|x86.Build.0 = Release|Win32
		{AFD2F9A8-68ED-47A5-9A13-56B9012C5FF6}.Release|x64.ActiveCfg = Release|x64
		{AFD2F9A8-68ED-47A5-9A13-56B9012C5FF6}.Release|x64.Build.0 = Release|x64
		{AFD2F9A8-68ED-47A5-9A13-56B9012C5FF6}.Release|x86.ActiveCfg = Release|Win32
		{AFD2F9A8-68ED-47A5-9A13-56B9012C5FF6}.Release|x86.Build.0 = Release|Win32
		{64B4D971-847A-40B4-8A41-767072998B45}.Debug (static runtime)|x64.ActiveCfg = Debug|x64
		{64B4D971-847A-40B4-8A41-767072998B45}.Debug (static runtime)|x64.Build.0 = Debug|x64
		{64B4D971-847A-40B4-8A41-767072998B45}.Debug (static runtime)|x86.ActiveCfg = Debug|Win32
		{64B4D971-847A-40B4-8A41-767072998B45}.Debug (static runtime)|x86.Build.0 = Debug|Win32
		{64B4D971-847A-40B4-8A41-767072998B45}.Debug|x64.ActiveCfg = Debug|x64
		{64B4D971-847A-40B4-8A41-767072998B45}.Debug|x64.Build.0 = Debug|x64
		{64B4D971-847A-40B4-8A41-767072998B45}.Debug|x86.ActiveCfg = Debug|Win32
		{64B4D971-847A-40B4-8A41-767072998B45}.Debug|x86.Build.0 = Debug|Win32
		{64B4D971-847A-40B4-8A41-767072998B45}.Release (static runtime)|x64.ActiveCfg = Release|x64
		{64B4D971-847A-40B4-8A41-767072998B45}.Release (static runtime)|x64.Build.0 = Release|x64
		{64B4D971-847A-40B4-8A41-767072998B45}.Release (static runtime)|x86.ActiveCfg = Release|Win32
		{64B4D971-847A-40B4-8A41-767072998B45}.Release (static runtime)|x86.Build.0 = Release|Win32
		{64B4D971-847A-40B4-8A41-767072998B45}.Release|x64.ActiveCfg = Release|x64
		{64B4D971-847A-40B4-8A41-767072998B45}.Release|x64.Build.0 = Release|x64
		{64B4D971-847A-40B4-8A41-767072998B45}.Release|x86.ActiveCfg = Release|Win32
		{64B4D971-847A-40B4-8A41-767072998B45}.Release|x86.Build.0 = Release|Win32
		{076F8746-1B3B-48BE-9932-FF30D5C8B356}.Debug (static runtime)|x64.ActiveCfg = Debug|x64
		{076F8746-1B3B-48BE-9932-FF30D5C8B356}.Debug (static runtime)|x64.Build.0 = Debug|x64
		{076F8746-1B3B-48BE-9932-FF30D5C8B356}.Debug (static runtime)|x86.ActiveCfg = Debug|Win32
		{076F8746-1B3B-48BE-9932-FF30D5C8B356}.Debug (static runtime)|x86.Build.0 = Debug|Win32
		{076F8746-1B3B-48BE-9932-FF30D5C8B356}.Debug|x64.ActiveCfg = Debug|x64
		{076F8746-1B3B-48BE-9932-FF30D5C8B356}.Debug|x64.Build.0 = Debug|x64
		{076F8746-1B3B-48BE-9932-FF30D5C8B356}.Debug|x86.ActiveCfg = Debug|Win32
		{076F8746-1B3B-48BE-9932-FF30D5C8B356}.Debug|x86.Build.0 = Debug|Win32
		{076F8746-1B3B-48BE-9932-FF30D5C8B356}.Release (static runtime)|x64.ActiveCfg = Release|x64
		{076F8746-1B3B-48BE-9932-FF30D5C8B356}.Release (static runtime)|x64.Build.0 = Release|x64
		{076F8746-1B3B-48BE-9932-FF30D5C8B356}.Release (static runtime)|x86.ActiveCfg = Release|Win32
		{076F8746-1B3B-48BE-9932-FF30D5C8B356}.Release (static runtime)|x86.Build.0 = Release|Win32
		{076F8746-1B3B-48BE-9932-FF30D5C8B356}.Release|x64.ActiveCfg = Release|x64
		{076F8746-1B3B-48BE-9932-FF30D5C8B356}.Release|x64.Build.0 = Release|x64
		{076F8746-1B3B-48BE-9932-FF30D5C8B356}.Release|x86.ActiveCfg = Release|Win32
		{076F8746-1B3B-48BE-9932-FF30D5C8B356}.Release|x86.Build.0 = Release|Win32
		{E5FC98F8-B903-4BF6-8CA0-6D5918152BB0}.Debug (static runtime)|x64.ActiveCfg = Debug|x64
		{E5FC98F8-B903-4BF6-8CA0-6D5918152BB0}.Debug (static runtime)|x64.Build.0 = Debug|x64
		{E5FC98F8-B903-4BF6-8CA0-6D5918152BB0}.Debug (static runtime)|x86.ActiveCfg = Debug|Win32
		{E5FC98F8-B903-4BF6-8CA0-6D5918152BB0}.Debug (static runtime)|x86.Build.0 = Debug|Win32
		{E5FC98F8-B903-4BF6-8CA0-6D5918152BB0}.Debug|x64.ActiveCfg = Debug|x64
		{E5FC98F8-B903-4BF6-8CA0-6D5918152BB0}.Debug|x64.Build.0 = Debug|x64
		{E5FC98F8-B903-4BF6-8CA0-6D5918152BB0}.Debug|x86.ActiveCfg = Debug|Win32
		{E5FC98F8-B903-4BF6-8CA0-6D5918152BB0}.Debug|x86.Build.0 = Debug|Win32
		{E5FC98F8-B903-4BF6-8CA0-6D5918152BB0}.Release (static runtime)|x64.ActiveCfg = Release|x64
		{E5FC98F8-B903-4BF6-8CA0-6D5918152BB0}.Release (static runtime)|x64.Build.0 = Release|x64
		{E5FC98F8-B903-4BF6-8CA0-6D5918152BB0}.Release (static runtime)|x86.ActiveCfg = Release|Win32
		{E5FC98F8-B903-4BF6-8CA0-6D5918152BB0}.Release (static runtime)|x86.Build.0 = Release|Win32
		{E5FC98F8-B903-4BF6-8CA0-6D5918152BB0}.Release|x64.ActiveCfg = Release|x64
		{E5FC98F8-B903-4BF6-8CA0-6D5918152BB0}.Release|x64.Build.0 = Release|x64
		{E5FC98F8-B903-4BF6-8CA0-6D5918152BB0}.Release|x86.ActiveCfg = Release|Win32
		{E5FC98F8-B903-4BF6-8CA0-6D5918152BB0}.Release|x86.Build.0 = Release|Win32
		{F772B424-1793-4577-8AC7-4D46DDC098B3}.Debug (static runtime)|x64.ActiveCfg = Debug|x64
		{F772B424-1793-4577-8AC7-4D46DDC098B3}.Debug (static runtime)|x64.Build.0 = Debug|x64
		{F772B424-1793-4577-8AC7-4D46DDC098B3}.Debug (static runtime)|x86.ActiveCfg = Debug|Win32
		{F772B424-1793-4577-8AC7-4D46DDC098B3}.Debug (static runtime)|x86.Build.0 = Debug|Win32
		{F772B424-1793-4577-8AC7-4D46DDC098B3}.Debug|x64.ActiveCfg = Debug|x64
		{F772B424-1793-4577-8AC7-4D46DDC098B3}.Debug|x64.Build.0 = Debug|x64
		{F772B424-1793-4577-8AC7-4D46DDC098B3}.Debug|x86.ActiveCfg = Debug|Win32
		{F772B424-1793-4577-8AC7-4D46DDC098B3}.Debug|x86.Build.0 = Debug|Win32
		{F772B424-1793-4577-8AC7-4D46DDC098B3}.Release (static runtime)|x64.ActiveCfg = Release|x64
		{F772B424-1793-4577-8AC7-4D46DDC098B3}.Release (static runtime)|x64.Build.0 = Release|x64
		{F772B424-1793-4577-8AC7-4D46DDC098B3}.Release (static runtime)|x86.ActiveCfg = Release|Win32
		{F772B424-1793-4577-8AC7-4D46DDC098B3}.Release (static runtime)|x86.Build.0 = Release|Win32
		{F772B424-1793-4577-8AC7-4D46DDC098B3}.Release|x64.ActiveCfg = Release|x64
		{F772B424-1793-4577-8AC7-4D46DDC098B3}.Release|x64.Build.0 = Release|x64
		{F772B424-1793-4577-8AC7-4D46DDC098B3}.Release|x86.ActiveCfg = Release|Win32
		{F772B424-1793-4577-8AC7-4D46DDC098B3}.Release|x86.Build.0 = Release|Win32
		{06611517-CB6C-4EE2-BABC-143F8B80D42A}.Debug (static runtime)|x64.ActiveCfg = Debug|x64
		{06611517-CB6C-4EE2-BABC-143F8B80D42A}.Debug (static runtime)|x64.Build.0 = Debug|x64
		{06611517-CB6C-4EE2-BABC-143F8B80D42A}.Debug (static runtime)|x86.ActiveCfg = Debug|Win32
		{06611517-CB6C-4EE2-BABC-143F8B80D42A}.Debug (static runtime)|x86.Build.0 = Debug|Win32
		{06611517-CB6C-4EE2-BABC-143F8B80D42A}.Debug|x64.ActiveCfg = Debug|x64
		{06611517-CB6C-4EE2-BABC-143F8B80D42A}.Debug|x64.Build.0 = Debug|x64
		{06611517-CB6C-4EE2-BABC-143F8B80D42A}.Debug|x86.ActiveCfg = Debug|Win32
		{06611517-CB6C-4EE2-BABC-143F8B80D42A}.Debug|x86.Build.0 = Debug|Win32
		{06611517-CB6C-4EE2-BABC-143F8B80D42A}.Release (static runtime)|x64.ActiveCfg = Release|x64
		{06611517-CB6C-4EE2-BABC-143F8B80D42A}.Release (static runtime)|x64.Build.0 = Release|x64
		{06611517-CB6C-4EE2-BABC-143F8B80D42A}.Release (static runtime)|x86.ActiveCfg = Release|Win32
		{06611517-CB6C-4EE2-BABC-143F8B80D42A}.Release (static runtime)|x86.Build.0 = Release|Win32
		{06611517-CB6C-4EE2-BABC-143F8B80D42A}.Release|x64.ActiveCfg = Release|x64
		{06611517-CB6C-4EE2-BABC-143F8B80D42A}.Release|x64.Build.0 = Release|x64
		{06611517-CB6C-4EE2-BABC-143F8B80D42A}.Release|x86.ActiveCfg = Release|Win32
		{06611517-CB6C-4EE2-BABC-143F8B80D42A}.Release|x86.Build.0 = Release|Win32
		{A94DE4B5-1FC0-479B-9868-5B428D1D2608}.Debug (static runtime)|x64.ActiveCfg = Debug|x64
		{A94DE4B5-1FC0-479B-9868-5B428D1D2608}.Debug (static runtime)|x64.Build.0 = Debug|x64
		{A94DE4B5-1FC0-479B-9868-5B428D1D2608}.Debug (static runtime)|x86.ActiveCfg = Debug|Win32
		{A94DE4B5-1FC0-479B-9868-5B428D1D2608}.Debug (static runtime)|x86.Build.0 = Debug|Win32
		{A94DE4B5-1FC0-479B-9868-5B428D1D2608}.Debug|x64.ActiveCfg = Debug|x64
		{A94DE4B5-1FC0-479B-9868-5B428D1D2608}.Debug|x64.Build.0 = Debug|x64
		{A94DE4B5-1FC0-479B-9868-5B428D1D2608}.Debug|x86.ActiveCfg = Debug|Win32
		{A94DE4B5-1FC0-479B-9868-5B428D1D2608}.Debug|x86.Build.0 = Debug|Win32
		{A94DE4B5-1FC0-479B-9868-5B428D1D2608}.Release (static runtime)|x64.ActiveCfg = Release|x64
		{A94DE4B5-1FC0-479B-9868-5B428D1D2608}.Release (static runtime)|x64.Build.0 = Release|x64
		{A94DE4B5-1FC0-479B-9868-5B428D1D2608}.Release (static runtime)|x86.ActiveCfg = Release|Win32
		{A94DE4B5-1FC0-479B-9868-5B428D1D2608}.Release (static runtime)|x86.Build.0 = Release|Win32
		{A94DE4B5-1FC0-479B-9868-5B428D1D2608}.Release|x64.ActiveCfg = Release|x64
		{A94DE4B5-1FC0-479B-9868-5B428D1D2608}.Release|x64.Build.0 = Release|x64
		{A94DE4B5-1FC0-479B-9868-5B428D1D2608}.Release|x86.ActiveCfg = Release|Win32
		{A94DE4B5-1FC0-479B-9868-5B428D1D2608}.Release|x86.Build.0 = Release|Win32
		{E12E11E9-6A42-4385-957E-C1FE3E370905}.Debug (static runtime)|x64.ActiveCfg = Debug|x64
		{E12E11E9-6A42-4385-957E-C1FE3E370905}.Debug (static runtime)|x64.Build.0 = Debug|x64
		{E12E11E9-6A42-4385-957E-C1FE3E370905}.Debug (static runtime)|x86.ActiveCfg = Debug|Win32
		{E12E11E9-6A42-4385-957E-C1FE3E370905}.Debug (static runtime)|x86.Build.0 = Debug|Win32
		{E12E11E9-6A42-4385-957E-C1FE3E370905}.Debug|x64.ActiveCfg = Debug|x64
		{E12E11E9-6A42-4385-957E-C1FE3E370905}.Debug|x64.Build.0 = Debug|x64
		{E12E11E9-6A42-4385-957E-C1FE3E370905}.Debug|x86.ActiveCfg = Debug|Win32
		{E12E11E9-6A42-4385-957E-C1FE3E370905}.Debug|x86.Build.0 = Debug|Win32
		{E12E11E9-6A42-4385-957E-C1FE3E370905}.Release (static runtime)|x64.ActiveCfg = Release|x64
		{E12E11E9-6A42-4385-957E-C1FE3E370905}.Release (static runtime)|x64.Build.0 = Release|x64
		{E12E11E9-6A42-4385-957E-C1FE3E370905}.Release (static runtime)|x86.ActiveCfg = Release|Win32
		{E12E11E9-6A42-4385-957E-C1FE3E370905}.Release (static runtime)|x86.Build.0 = Release|Win32
		{E12E11E9-6A42-4385-957E-C1FE3E370905}.Release|x64.ActiveCfg = Release|x64
		{E12E11E9-6A42-4385-957E-C1FE3E370905}.Release|x64.Build.0 = Release|x64
		{E12E11E9-6A42-4385-957E-C1FE3E370905}.Release|x86.ActiveCfg = Release|Win32
		{E12E11E9-6A42-4385-957E-C1FE3E370905}.Release|x86.Build.0 = Release|Win32
		{D6CE172B-F177-4FD2-8C27-99AACE908584}.Debug (static runtime)|x64.ActiveCfg = Debug|x64
		{D6CE172B-F177-4FD2-8C27-99AACE908584}.Debug (static runtime)|x64.Build.0 = Debug|x64
		{D6CE172B-F177-4FD2-8C27-99AACE908584}.Debug (static runtime)|x86.ActiveCfg = Debug|Win32
		{D6CE172B-F177-4FD2-8C27-99AACE908584}.Debug (static runtime)|x86.Build.0 = Debug|Win32
		{D6CE172B-F177-4FD2-8C27-99AACE908584}.Debug|x64.ActiveCfg = Debug|x64
		{D6CE172B-F177-4FD2-8C27-99AACE908584}.Debug|x64.Build.0 = Debug|x64
		{D6CE172B-F177-4FD2-8C27-99AACE908584}.Debug|x86.ActiveCfg = Debug|Win32
		{D6CE172B-F177-4FD2-8C27-99AACE908584}.Debug|x86.Build.0 = Debug|Win32
		{D6CE172B-F177-4FD2-8C27-99AACE908584}.Release (static runtime)|x64.ActiveCfg = Release|x64
		{D6CE172B-F177-4FD2-8C27-99AACE908584}.Release (static runtime)|x64.Build.0 = Release|x64
		{D6CE172B-F177-4FD2-8C27-99AACE908584}.Release (static runtime)|x86.ActiveCfg = Release|Win32
		{D6CE172B-F177-4FD2-8C27-99AACE908584}.Release (static runtime)|x86.Build.0 = Release|Win32
		{D6CE172B-F177-4FD2-8C27-99AACE908584}.Release|x64.ActiveCfg = Release|x64
		{D6CE172B-F177-4FD2-8C27-99AACE908584}.Release|x64.Build.0 = Release|x64
		{D6CE172B-F177-4FD2-8C27-99AACE908584}.Release|x86.ActiveCfg = Release|Win32
		{D6CE172B-F177-4FD2-8C27-99AACE908584}.Release|x86.Build.0 = Release|Win32
		{1B640A42-83A9-431C-A56A-DE95388DAAAB}.Debug (static runtime)|x64.ActiveCfg = Debug|x64
		{1B640A42-83A9-431C-A56A-DE95388DAAAB}.Debug (static runtime)|x64.Build.0 = Debug|x64
		{1B640A42-83A9-431C-A56A-DE95388DAAAB}.Debug (static runtime)|x86.ActiveCfg = Debug|Win32
		{1B640A42-83A9-431C-A56A-DE95388DAAAB}.Debug (static runtime)|x86.Build.0 = Debug|Win32
		{1B640A42-83A9-431C-A56A-DE95388DAAAB}.Debug|x64.ActiveCfg = Debug|x64
		{1B640A42-83A9-431C-A56A-DE95388DAAAB}.Debug|x64.Build.0 = Debug|x64
		{1B640A42-83A9-431C-A56A-DE95388DAAAB}.Debug|x86.ActiveCfg = Debug|Win32
		{1B640A42-83A9-431C-A56A-DE95388DAAAB}.Debug|x86.Build.0 = Debug|Win32
		{1B640A42-83A9-431C-A56A-DE95388DAAAB}.Release (static runtime)|x64.ActiveCfg = Release|x64
		{1B640A42-83A9-431C-A56A-DE95388DAAAB}.Release (static runtime)|x64.Build.0 = Release|x64
		{1B640A42-83A9-431C-A56A-DE95388DAAAB}.Release (static runtime)|x86.ActiveCfg = Release|Win32
		{1B640A42-83A9-431C-A56A-DE95388DAAAB}.Release (static runtime)|x86.Build.0 = Release|Win32
		{1B640A42-83A9-431C-A56A-DE95388DAAAB}.Release|x64.ActiveCfg = Release|x64
		{1B640A42-83A9-431C-A56A-DE95388DAAAB}.Release|x64.Build.0 = Release|x64
		{1B640A42-83A9-431C-A56A-DE95388DAAAB}.Release|x86.ActiveCfg = Release|Win32
		{1B640A42-83A9-431C-A56A-DE95388DAAAB}.Release|x86.Build.0 = Release|Win32
		{47C37C7D-89BD-4D0E-B91A-FF56A619002F}.Debug (static runtime)|x64.ActiveCfg = Debug|x64
		{47C37C7D-89BD-4D0E-B91A-FF56A619002F}.Debug (static runtime)|x64.Build.0 = Debug|x64
		{47C37C7D-89BD-4D0E-B91A-FF56A619002F}.Debug (static runtime)|x86.ActiveCfg = Debug|Win32
		{47C37C7D-89BD-4D0E-B91A-FF56A619002F}.Debug (static runtime)|x86.Build.0 = Debug|Win32
		{47C37C7D-89BD-4D0E-B91A-FF56A619002F}.Debug|x64.ActiveCfg = Debug|x64
		{47C37C7D-89BD-4D0E-B91A-FF56A619002F}.Debug|x64.Build.0 = Debug|x64
		{47C37C7D-89BD-4D0E-B91A-FF56A619002F}.Debug|x86.ActiveCfg = Debug|Win32
		{47C37C7D-89BD-4D0E-B91A-FF56A619002F}.Debug|x86.Build.0 = Debug|Win32
		{47C37C7D-89BD-4D0E-B91A-FF56A619002F}.Release (static runtime)|x64.ActiveCfg = Release|x64
		{47C37C7D-89BD-4D0E-B91A-FF56A619002F}.Release (static runtime)|x64.Build.0 = Release|x64
		{47C37C7D-89BD-4D0E-B91A-FF56A619002F}.Release (static runtime)|x86.ActiveCfg = Release|Win32
		{47C37C7D-89BD-4D0E-B91A-FF56A619002F}.Release (static runtime)|x86.Build.0 = Release|Win32
		{47C37C7D-89BD-4D0E-B91A-FF56A619002F}.Release|x64.ActiveCfg = Release|x64
		{47C37C7D-89BD-4D0E-B91A-FF56A619002F}.Release|x64.Build.0 = Release|x64
		{47C37C7D-89BD-4D0E-B91A-FF56A619002F}.Release|x86.ActiveCfg = Release|Win32
		{47C37C7D-89BD-4D0E-B91A-FF56A619002F}.Release|x86.Build.0 = Release|Win32
		{0DD1206F-BA13-428C-BA45-CEA8534F90A3}.Debug (static runtime)|x64.ActiveCfg = Debug|x64
		{0DD1206F-BA13-428C-BA45-CEA8534F90A3}.Debug (static runtime)|x64.Build.0 = Debug|x64
		{0DD1206F-BA13-428C-BA45-CEA8534F90A3}.Debug (static runtime)|x86.ActiveCfg = Debug|Win32
		{0DD1206F-BA13-428C-BA45-CEA8534F90A3}.Debug (static runtime)|x86.Build.0 = Debug|Win32
		{0DD1206F-BA13-428C-BA45-CEA8534F90A3}.Debug|x64.ActiveCfg = Debug|x64
		{0DD1206F-BA13-428C-BA45-CEA8534F90A3}.Debug|x64.Build.0 = Debug|x64
		{0DD1206F-BA13-428C-BA45-CEA8534F90A3}.Debug|x86.ActiveCfg = Debug|Win32
		{0DD1206F-BA13-428C-BA45-CEA8534F90A3}.Debug|x86.Build.0 = Debug|Win32
		{0DD1206F-BA13-428C-BA45-CEA8534F90A3}.Release (static runtime)|x64.ActiveCfg = Release|x64
		{0DD1206F-BA13-428C-BA45-CEA8534F90A3}.Release (static runtime)|x64.Build.0 = Release|x64
		{0DD1206F-BA13-428C-BA45-CEA8534F90A3}.Release (static runtime)|x86.ActiveCfg = Release|Win32
		{0DD1206F-BA13-428C-BA45-CEA8534F90A3}.Release (static runtime)|x86.Build.0 = Release|Win32
		{0DD1206F-BA13-428C-BA45-CEA8534F90A3}.Release|x64.ActiveCfg = Release|x64
		{0DD1206F-BA13-428C-BA45-CEA8534F90A3}.Release|x64.Build.0 = Release|x64
		{0DD1206F-BA13-428C-BA45-CEA8534F90A3}.Release|x86.ActiveCfg = Release|Win32
		{0DD1206F-BA13-428C-BA45-CEA8534F90A3}.Release|x86.Build.0 = Release|Win32
		{051EB83C-67FB-473A-B1CE-594D99334F3E}.Debug (static runtime)|x64.ActiveCfg = Debug|x64
		{051EB83C-67FB-473A-B1CE-594D99334F3E}.Debug (static runtime)|x64.Build.0 = Debug|x64
		{051EB83C-67FB-473A-B1CE-594D99334F3E}.Debug (static runtime)|x86.ActiveCfg = Debug|Win32
		{051EB83C-67FB-473A-B1CE-594D99334F3E}.Debug (static runtime)|x86.Build.0 = Debug|Win32
		{051EB83C-67FB-473A-B1CE-594D99334F3E}.Debug|x64.ActiveCfg = Debug|x64
		{051EB83C-67FB-473A-B1CE-594D99334F3E}.Debug|x64.Build.0 = Debug|x64
		{051EB83C-67FB-473A-B1CE-594D99334F3E}.Debug|x86.ActiveCfg = Debug|Win32
		{051EB83C-67FB-473A-B1CE-594D99334F3E}.Debug|x86.Build.0 = Debug|Win32
		{051EB83C-67FB-473A-B1CE-594D99334F3E}.Release (static runtime)|x64.ActiveCfg = Release|x64
		{051EB83C-67FB-473A-B1CE-594D99334F3E}.Release (static runtime)|x64.Build.0 = Release|x64
		{051EB83C-67FB-473A-B1CE-594D99334F3E}.Release (static runtime)|x86.ActiveCfg = Release|Win32
		{051EB83C-67FB-473A-B1CE-594D99334F3E}.Release (static runtime)|x86.Build.0 = Release|Win32
		{051EB83C-67FB-473A-B1CE-594D99334F3E}.Release|x64.ActiveCfg = Release|x64
		{051EB83C-67FB-473A-B1CE-594D99334F3E}.Release|x64.Build.0 = Release|x64
		{051EB83C-67FB-473A-B1CE-594D99334F3E}.Release|x86.ActiveCfg = Release|Win32
		{051EB83C-67FB-473A-B1CE-594D99334F3E}.Release|x86.Build.0 = Release|Win32
		{AD2AFCF8-E851-489D-89AA-569CEEE286EC}.Debug (static runtime)|x64.ActiveCfg = Debug|x64
		{AD2AFCF8-E851-489D-89AA-569CEEE286EC}.Debug (static runtime)|x64.Build.0 = Debug|x64
		{AD2AFCF8-E851-489D-89AA-569CEEE286EC}.Debug (static runtime)|x86.ActiveCfg = Debug|Win32
		{AD2AFCF8-E851-489D-89AA-569CEEE286EC}.Debug (static runtime)|x86.Build.0 = Debug|Win32
		{AD2AFCF8-E851-489D-89AA-569CEEE286EC}.Debug|x64.ActiveCfg = Debug|x64
		{AD2AFCF8-E851-489D-89AA-569CEEE286EC}.Debug|x64.Build.0 = Debug|x64
		{AD2AFCF8-E851-489D-89AA-569CEEE286EC}.Debug|x86.ActiveCfg = Debug|Win32
		{AD2AFCF8-E851-489D-89AA-569CEEE286EC}.Debug|x86.Build.0 = Debug|Win32
		{AD2AFCF8-E851-489D-89AA-569CEEE286EC}.Release (static runtime)|x64.ActiveCfg = Release|x64
		{AD2AFCF8-E851-489D-89AA-569CEEE286EC}.Release (static runtime)|x64.Build.0 = Release|x64
		{AD2AFCF8-E851-489D-89AA-569CEEE286EC}.Release (static runtime)|x86.ActiveCfg = Release|Win32
		{AD2AFCF8-E851-489D-89AA-569CEEE286EC}.Release (static runtime)|x86.Build.0 = Release|Win32
		{AD2AFCF8-E851-489D-89AA-569CEEE286EC}.Release|x64.ActiveCfg = Release|x64
		{AD2AFCF8-E851-489D-89AA-569CEEE286EC}.Release|x64.Build.0 = Release|x64
		{AD2AFCF8-E851-489D-89AA-569CEEE286EC}.Release|x86.ActiveCfg = Release|Win32
		{AD2AFCF8-E851-489D-89AA-569CEEE286EC}.Release|x86.Build.0 = Release|Win32
		{EB8247FD-8490-450B-93A3-2286E8C2F566}.Debug (static runtime)|x64.ActiveCfg = Debug|x64
		{EB8247FD-8490-450B-93A3-2286E8C2F566}.Debug (static runtime)|x64.Build.0 = Debug|x64
		{EB8247FD-8490-450B-93A3-2286E8C2F566}.Debug (static runtime)|x86.ActiveCfg = Debug|Win32
		{EB8247FD-8490-450B-93A3-2286E8C2F566}.Debug (static runtime)|x86.Build.0 = Debug|Win32
		{EB8247FD-8490-450B-93A3-2286E8C2F566}.Debug|x64.ActiveCfg = Debug|x64
		{EB8247FD-8490-450B-93A3-2286E8C2F566}.Debug|x64.Build.0 = Debug|x64
		{EB8247FD-8490-450B-93A3-2286E8C2F566}.Debug|x86.ActiveCfg = Debug|Win32
		{EB8247FD-8490-450B-93A3-2286E8C2F566}.Debug|x86.Build.0 = Debug|Win32
		{EB8247FD-8490-450B-93A3-2286E8C2F566}.Release (static runtime)|x64.ActiveCfg = Release|x64
		{EB8247FD-8490-450B-93A3-2286E8C2F566}.Release (static runtime)|x64.Build.0 = Release|x64
		{EB8247FD-8490-450B-93A3-2286E8C2F566}.Release (static runtime)|x86.ActiveCfg = Release|Win32
		{EB8247FD-8490-450B-93A3-2286E8C2F566}.Release (static runtime)|x86.Build.0 = Release|Win32
		{EB8247FD-8490-450B-93A3-2286E8C2F566}.Release|x64.ActiveCfg = Release|x64
		{EB8247FD-8490-450B-93A3-2286E8C2F566}.Release|x64.Build.0 = Release|x64
		{EB8247FD-8490-450B-93A3-2286E8C2F566}.Release|x86.ActiveCfg = Release|Win32
		{EB8247FD-8490-450B-93A3-2286E8C2F566}.Release|x86.Build.0 = Release|Win32
		{BEC35AE7-6D99-4BB8-AE43-5922A8AA697F}.Debug (static runtime)|x64.ActiveCfg = Debug|x64
		{BEC35AE7-6D99-4BB8-AE43-5922A8AA697F}.Debug (static runtime)|x64.Build.0 = Debug|x64
		{BEC35AE7-6D99-4BB8-AE43-5922A8AA697F}.Debug (static runtime)|x86.ActiveCfg = Debug|Win32
		{BEC35AE7-6D99-4BB8-AE43-5922A8AA697F}.Debug (static runtime)|x86.Build.0 = Debug|Win32
		{BEC35AE7-6D99-4BB8-AE43-5922A8AA697F}.Debug|x64.ActiveCfg = Debug|x64
		{BEC35AE7-6D99-4BB8-AE43-5922A8AA697F}.Debug|x64.Build.0 = Debug|x64
		{BEC35AE7-6D99-4BB8-AE43-5922A8AA697F}.Debug|x86.ActiveCfg = Debug|Win32
		{BEC35AE7-6D99-4BB8-AE43-5922A8AA697F}.Debug|x86.Build.0 = Debug|Win32
		{BEC35AE7-6D99-4BB8-AE43-5922A8AA697F}.Release (static runtime)|x64.ActiveCfg = Release|x64
		{BEC35AE7-6D99-4BB8-AE43-5922A8AA697F}.Release (static runtime)|x64.Build.0 = Release|x64
		{BEC35AE7-6D99-4BB8-AE43-5922A8AA697F}.Release (static runtime)|x86.ActiveCfg = Release|Win32
		{BEC35AE7-6D99-4BB8-AE43-5922A8AA697F}.Release (static runtime)|x86.Build.0 = Release|Win32
		{BEC35AE7-6D99-4BB8-AE43-5922A8AA697F}.Release|x64.ActiveCfg = Release|x64
		{BEC35AE7-6D99-4BB8-AE43-5922A8AA697F}.Release|x64.Build.0 = Release|x64
		{BEC35AE7-6D99-4BB8-AE43-5922A8AA697F}.Release|x86.ActiveCfg = Release|Win32
		{BEC35AE7-6D99-4BB8-AE43-5922A8AA697F}.Release|x86.Build.0 = Release|Win32
		{AFE46327-04FA-43BB-9981-787145EF4640}.Debug (static runtime)|x64.ActiveCfg = Debug|x64
		{AFE46327-04FA-43BB-9981-787145EF4640}.Debug (static runtime)|x64.Build.0 = Debug|x64
		{AFE46327-04FA-43BB-9981-787145EF4640}.Debug (static runtime)|x86.ActiveCfg = Debug|Win32
		{AFE46327-04FA-43BB-9981-787145EF4640}.Debug (static runtime)|x86.Build.0 = Debug|Win32
		{AFE46327-04FA-43BB-9981-787145EF4640}.Debug|x64.ActiveCfg = Debug|x64
		{AFE46327-04FA-43BB-9981-787145EF4640}.Debug|x64.Build.0 = Debug|x64
		{AFE46327-04FA-43BB-9981-787145EF4640}.Debug|x86.ActiveCfg = Debug|Win32
		{AFE46327-04FA-43BB-9981-787145EF4640}.Debug|x86.Build.0 = Debug|Win32
		{AFE46327-04FA-43BB-9981-787145EF4640}.Release (static runtime)|x64.ActiveCfg = Release|x64
		{AFE46327-04FA-43BB-9981-787145EF4640}.Release (static runtime)|x64.Build.0 = Release|x64
		{AFE46327-04FA-43BB-9981-787145EF4640}.Release (static runtime)|x86.ActiveCfg = Release|Win32
		{AFE46327-04FA-43BB-9981-787145EF4640}.Release (static runtime)|x86.Build.0 = Release|Win32
		{AFE46327-04FA-43BB-9981-787145EF4640}.Release|x64.ActiveCfg = Release|x64
		{AFE46327-04FA-43BB-9981-787145EF4640}.Release|x64.Build.0 = Release|x64
		{AFE46327-04FA-43BB-9981-787145EF4640}.Release|x86.ActiveCfg = Release|Win32
		{AFE46327-04FA-43BB-9981-787145EF4640}.Release|x86.Build.0 = Release|Win32
		{474BD785-0643-4B44-9C3E-30CCE9DAA81E}.Debug (static runtime)|x64.ActiveCfg = Debug|x64
		{474BD785-0643-4B44-9C3E-30CCE9DAA81E}.Debug (static runtime)|x64.Build.0 = Debug|x64
		{474BD785-0643-4B44-9C3E-30CCE9DAA81E}.Debug (static runtime)|x86.ActiveCfg = Debug|Win32
		{474BD785-0643-4B44-9C3E-30CCE9DAA81E}.Debug (static runtime)|x86.Build.0 = Debug|Win32
		{474BD785-0643-4B44-9C3E-30CCE9DAA81E}.Debug|x64.ActiveCfg = Debug|x64
		{474BD785-0643-4B44-9C3E-30CCE9DAA81E}.Debug|x64.Build.0 = Debug|x64
		{474BD785-0643-4B44-9C3E-30CCE9DAA81E}.Debug|x86.ActiveCfg = Debug|Win32
		{474BD785-0643-4B44-9C3E-30CCE9DAA81E}.Debug|x86.Build.0 = Debug|Win32
		{474BD785-0643-4B44-9C3E-30CCE9DAA81E}.Release (static runtime)|x64.ActiveCfg = Release|x64
		{474BD785-0643-4B44-9C3E-30CCE9DAA81E}.Release (static runtime)|x64.Build.0 = Release|x64
		{474BD785-0643-4B44-9C3E-30CCE9DAA81E}.Release (static runtime)|x86.ActiveCfg = Release|Win32
		{474BD785-0643-4B44-9C3E-30CCE9DAA81E}.Release (static runtime)|x86.Build.0 = Release|Win32
		{474BD785-0643-4B44-9C3E-30CCE9DAA81E}.Release|x64.ActiveCfg = Release|x64
		{474BD785-0643-4B44-9C3E-30CCE9DAA81E}.Release|x64.Build.0 = Release|x64
		{474BD785-0643-4B44-9C3E-30CCE9DAA81E}.Release|x86.ActiveCfg = Release|Win32
		{474BD785-0643-4B44-9C3E-30CCE9DAA81E}.Release|x86.Build.0 = Release|Win32
		{28F47BBA-1A63-4EBB-A40B-1412C311861C}.Debug (static runtime)|x64.ActiveCfg = Debug|x64
		{28F47BBA-1A63-4EBB-A40B-1412C311861C}.Debug (static runtime)|x64.Build.0 = Debug|x64
		{28F47BBA-1A63-4EBB-A40B-1412C311861C}.Debug (static runtime)|x86.ActiveCfg = Debug|Win32
		{28F47BBA-1A63-4EBB-A40B-1412C311861C}.Debug (static runtime)|x86.Build.0 = Debug|Win32
		{28F47BBA-1A63-4EBB-A40B-1412C311861C}.Debug|x64.ActiveCfg = Debug|x64
		{28F47BBA-1A63-4EBB-A40B-1412C311861C}.Debug|x64.Build.0 = Debug|x64
		{28F47BBA-1A63-4EBB-A40B-1412C311861C}.Debug|x86.ActiveCfg = Debug|Win32
		{28F47BBA-1A63-4EBB-A40B-1412C311861C}.Debug|x86.Build.0 = Debug|Win32
		{28F47BBA-1A63-4EBB-A40B-1412C311861C}.Release (static runtime)|x64.ActiveCfg = Release|x64
		{28F47BBA-1A63-4EBB-A40B-1412C311861C}.Release (static runtime)|x64.Build.0 = Release|x64
		{28F47BBA-1A63-4EBB-A40B-1412C311861C}.Release (static runtime)|x86.ActiveCfg = Release|Win32
		{28F47BBA-1A63-4EBB-A40B-1412C311861C}.Release (static runtime)|x86.Build.0 = Release|Win32
		{28F47BBA-1A63-4EBB-A40B-1412C311861C}.Release|x64.ActiveCfg = Release|x64
		{28F47BBA-1A63-4EBB-A40B-1412C311861C}.Release|x64.Build.0 = Release|x64
		{28F47BBA-1A63-4EBB-A40B-1412C311861C}.Release|x86.ActiveCfg = Release|Win32
		{28F47BBA-1A63-4EBB-A40B-1412C311861C}.Release|x86.Build.0 = Release|Win32
		{C59167DA-06C0-4C81-9980-6FD180E924EF}.Debug (static runtime)|x64.ActiveCfg = Debug|x64
		{C59167DA-06C0-4C81-9980-6FD180E924EF}.Debug (static runtime)|x64.Build.0 = Debug|x64
		{C59167DA-06C0-4C81-9980-6FD180E924EF}.Debug (static runtime)|x86.ActiveCfg = Debug|Win32
		{C59167DA-06C0-4C81-9980-6FD180E924EF}.Debug (static runtime)|x86.Build.0 = Debug|Win32
		{C59167DA-06C0-4C81-9980-6FD180E924EF}.Debug|x64.ActiveCfg = Debug|x64
		{C59167DA-06C0-4C81-9980-6FD180E924EF}.Debug|x64.Build.0 = Debug|x64
		{C59167DA-06C0-4C81-9980-6FD180E924EF}.Debug|x86.ActiveCfg = Debug|Win32
		{C59167DA-06C0-4C81-9980-6FD180E924EF}.Debug|x86.Build.0 = Debug|Win32
		{C59167DA-06C0-4C81-9980-6FD180E924EF}.Release (static runtime)|x64.ActiveCfg = Release|x64
		{C59167DA-06C0-4C81-9980-6FD180E924EF}.Release (static runtime)|x64.Build.0 = Release|x64
		{C59167DA-06C0-4C81-9980-6FD180E924EF}.Release (static runtime)|x86.ActiveCfg = Release|Win32
		{C59167DA-06C0-4C81-9980-6FD180E924EF}.Release (static runtime)|x86.Build.0 = Release|Win32
		{C59167DA-06C0-4C81-9980-6FD180E924EF}.Release|x64.ActiveCfg = Release|x64
		{C59167DA-06C0-4C81-9980-6FD180E924EF}.Release|x64.Build.0 = Release|x64
		{C59167DA-06C0-4C81-9980-6FD180E924EF}.Release|x86.ActiveCfg = Release|Win32
		{C59167DA-06C0-4C81-9980-6FD180E924EF}.Release|x86.Build.0 = Release|Win32
		{AD0A27DA-91DA-46A2-ACBD-296C419ED3AA}.Debug (static runtime)|x64.ActiveCfg = Debug (static runtime)|x64
		{AD0A27DA-91DA-46A2-ACBD-296C419ED3AA}.Debug (static runtime)|x64.Build.0 = Debug (static runtime)|x64
		{AD0A27DA-91DA-46A2-ACBD-296C419ED3AA}.Debug (static runtime)|x86.ActiveCfg = Debug (static runtime)|Win32
		{AD0A27DA-91DA-46A2-ACBD-296C419ED3AA}.Debug (static runtime)|x86.Build.0 = Debug (static runtime)|Win32
		{AD0A27DA-91DA-46A2-ACBD-296C419ED3AA}.Debug|x64.ActiveCfg = Debug|x64
		{AD0A27DA-91DA-46A2-ACBD-296C419ED3AA}.Debug|x64.Build.0 = Debug|x64
		{AD0A27DA-91DA-46A2-ACBD-296C419ED3AA}.Debug|x86.ActiveCfg = Debug|Win32
		{AD0A27DA-91DA-46A2-ACBD-296C419ED3AA}.Debug|x86.Build.0 = Debug|Win32
		{AD0A27DA-91DA-46A2-ACBD-296C419ED3AA}.Release (static runtime)|x64.ActiveCfg = Release (static runtime)|x64
		{AD0A27DA-91DA-46A2-ACBD-296C419ED3AA}.Release (static runtime)|x64.Build.0 = Release (static runtime)|x64
		{AD0A27DA-91DA-46A2-ACBD-296C419ED3AA}.Release (static runtime)|x86.ActiveCfg = Release (static runtime)|Win32
		{AD0A27DA-91DA-46A2-ACBD-296C419ED3AA}.Release (static runtime)|x86.Build.0 = Release (static runtime)|Win32
		{AD0A27DA-91DA-46A2-ACBD-296C419ED3AA}.Release|x64.ActiveCfg = Release|x64
		{AD0A27DA-91DA-46A2-ACBD-296C419ED3AA}.Release|x64.Build.0 = Release|x64
		{AD0A27DA-91DA-46A2-ACBD-296C419ED3AA}.Release|x86.ActiveCfg = Release|Win32
		{AD0A27DA-91DA-46A2-ACBD-296C419ED3AA}.Release|x86.Build.0 = Release|Win32
		{96AFA504-0373-404C-B505-D8AC17F245B2}.Debug (static runtime)|x64.ActiveCfg = Debug|x64
		{96AFA504-0373-404C-B505-D8AC17F245B2}.Debug (static runtime)|x64.Build.0 = Debug|x64
		{96AFA504-0373-404C-B505-D8AC17F245B2}.Debug (static runtime)|x86.ActiveCfg = Debug|Win32
		{96AFA504-0373-404C-B505-D8AC17F245B2}.Debug (static runtime)|x86.Build.0 = Debug|Win32
		{96AFA504-0373-404C-B505-D8AC17F245B2}.Debug|x64.ActiveCfg = Debug|x64
		{96AFA504-0373-404C-B505-D8AC17F245B2}.Debug|x64.Build.0 = Debug|x64
		{96AFA504-0373-404C-B505-D8AC17F245B2}.Debug|x86.ActiveCfg = Debug|Win32
		{96AFA504-0373-404C-B505-D8AC17F245B2}.Debug|x86.Build.0 = Debug|Win32
		{96AFA504-0373-404C-B505-D8AC17F245B2}.Release (static runtime)|x64.ActiveCfg = Release|x64
		{96AFA504-0373-404C-B505-D8AC17F245B2}.Release (static runtime)|x64.Build.0 = Release|x64
		{96AFA504-0373-404C-B505-D8AC17F245B2}.Release (static runtime)|x86.ActiveCfg = Release|Win32
		{96AFA504-0373-404C-B505-D8AC17F245B2}.Release (static runtime)|x86.Build.0 = Release|Win32
		{96AFA504-0373-404C-B505-D8AC17F245B2}.Release|x64.ActiveCfg = Release|x64
		{96AFA504-0373-404C-B505-D8AC17F245B2}.Release|x64.Build.0 = Release|x64
		{96AFA504-0373-404C-B505-D8AC17F245B2}.Release|x86.ActiveCfg = Release|Win32
		{96AFA504-0373-404C-B505-D8AC17F245B2}.Release|x86.Build.0 = Release|Win32
		{2D8D0B45-4916-4125-B333-B95E3BA16AD6}.Debug (static runtime)|x64.ActiveCfg = Debug|x64
		{2D8D0B45-4916-4125-B333-B95E3BA16AD6}.Debug (static runtime)|x64.Build.0 = Debug|x64
		{2D8D0B45-4916-4125-B333-B95E3BA16AD6}.Debug (static runtime)|x86.ActiveCfg = Debug|Win32
		{2D8D0B45-4916-4125-B333-B95E3BA16AD6}.Debug (static runtime)|x86.Build.0 = Debug|Win32
		{2D8D0B45-4916-4125-B333-B95E3BA16AD6}.Debug|x64.ActiveCfg = Debug|x64
		{2D8D0B45-4916-4125-B333-B95E3BA16AD6}.Debug|x64.Build.0 = Debug|x64
		{2D8D0B45-4916-4125-B333-B95E3BA16AD6}.Debug|x86.ActiveCfg = Debug|Win32
		{2D8D0B45-4916-4125-B333-B95E3BA16AD6}.Debug|x86.Build.0 = Debug|Win32
		{2D8D0B45-4916-4125-B333-B95E3BA16AD6}.Release (static runtime)|x64.ActiveCfg = Release|x64
		{2D8D0B45-4916-4125-B333-B95E3BA16AD6}.Release (static runtime)|x64.Build.0 = Release|x64
		{2D8D0B45-4916-4125-B333-B95E3BA16AD6}.Release (static runtime)|x86.ActiveCfg = Release|Win32
		{2D8D0B45-4916-4125-B333-B95E3BA16AD6}.Release (static runtime)|x86.Build.0 = Release|Win32
		{2D8D0B45-4916-4125-B333-B95E3BA16AD6}.Release|x64.ActiveCfg = Release|x64
		{2D8D0B45-4916-4125-B333-B95E3BA16AD6}.Release|x64.Build.0 = Release|x64
		{2D8D0B45-4916-4125-B333-B95E3BA16AD6}.Release|x86.ActiveCfg = Release|Win32
		{2D8D0B45-4916-4125-B333-B95E3BA16AD6}.Release|x86.Build.0 = Release|Win32
	EndGlobalSection
	GlobalSection(SolutionProperties) = preSolution
		HideSolutionNode = FALSE
	EndGlobalSection
	GlobalSection(ExtensibilityGlobals) = postSolution
		SolutionGuid = {61B82D95-E956-480E-9827-862A31F8D98C}
	EndGlobalSection
EndGlobal
