<?xml version="1.0" encoding="utf-8"?>
<Project ToolsVersion="4.0" xmlns="http://schemas.microsoft.com/developer/msbuild/2003">
  <ItemGroup>
    <Filter Include="Application Services">
      <UniqueIdentifier>{4FC737F1-C7A5-4376-A066-2A32D752A2FF}</UniqueIdentifier>
      <Extensions>cpp;c;cc;cxx;c++;cppm;ixx;def;odl;idl;hpj;bat;asm;asmx</Extensions>
    </Filter>
    <Filter Include="Market Data Listener">
      <UniqueIdentifier>{0243705e-b76d-4a30-8c2c-9d732aeb28cd}</UniqueIdentifier>
    </Filter>
    <Filter Include="Market Data Service">
      <UniqueIdentifier>{0b37073f-da9a-4269-af01-4d26a2c1a98b}</UniqueIdentifier>
    </Filter>
  </ItemGroup>
  <ItemGroup>
    <ClCompile Include="MarketDataCapture.cpp">
      <Filter>Application Services</Filter>
    </ClCompile>
    <ClCompile Include="MarketDataListener.cpp">
      <Filter>Market Data Listener</Filter>
    </ClCompile>
    <ClCompile Include="MarketDataService.cpp">
      <Filter>Market Data Service</Filter>
    </ClCompile>
  </ItemGroup>
  <ItemGroup>
    <ClInclude Include="MarketDataListener.h">
      <Filter>Market Data Listener</Filter>
    </ClInclude>
    <ClInclude Include="MarketDataService.h">
      <Filter>Market Data Service</Filter>
    </ClInclude>
  </ItemGroup>
</Project>